lessons:
- entry_sha256: 97ef581c28091a0dccdc861e20ff4a19fe2a927cb2374400ed903053d6419b1b
  n: 1
  records:
  - id: T-001
    sha256: ff61ca9634701a04a5cfa099245c0235e34aee69279dc4b886e65e6ae18969d6
  - id: T-013
    sha256: 42f937b4d3da784781ce1dd6cda2105b1f0957be02146f75c0e67ff80e8160e9
  - id: T-014
    sha256: 2645c3ca4e2b812597664124630e1e3503783b8e45c8450f30452ba90ef6104c
  - id: T-019
    sha256: abe11e507adf9704f203e91ece5a0a8bf0bf6997f8b9bfb0986b69360ddf4798
  - id: T-048
    sha256: 7692c41b91871d5eae39d7c4b8692c6f3353f66fb199e2df69ee0ba54675354a
  - id: T-053
    sha256: d8a19d252a50095bec40cb1df06b4e1765f8751054c46b225629995256d0defe
  - id: T-054
    sha256: 8652be6002c935043ea549078ac8bc59428fa7d895813de8e1e550b870075780
  - id: T-055
    sha256: a53dde16b8ee41053da106da2f6924b65a6ec40ee8cae81e15a7fce182ffcafe
  - id: T-056
    sha256: de378f10ee5e5a2a24e35cf714537a23f5fb8848d4a0ee85d18788f49d31731a
  - id: T-057
    sha256: 5aede1d8170ac05484a10fa034f657bf2027c6d534531ad46047c2ee1f25fdfc
  - id: T-058
    sha256: 173bf8beefd3b637f8de18859b5fb983df0f7f0bcefe023a81652b9a6ceff2e4
  - id: V-001
    sha256: fb715dfd213c80ca3321744b87b213806a06be0f38d8f5d9e19ffc407dd64196
  - id: V-006
    sha256: 2f8ff12574a1e5062f818f9ab23cd6e0340f505febc46e7b1d9b2d45271cc1dd
  - id: V-007
    sha256: 3e641680cabd1830857a012e4a4c96ea458598ef26d50c1babd84889abfc45a6
  - id: W-074
    sha256: bd17751425c2400c7e2633b97636a206cd0d7c81317f582aecdd82c797a40e9c
  - id: W-075
    sha256: 17df80d2fe0d23648b7f7ac4b361a484b45194421174f6a264663f56d2797c17
  - id: W-076
    sha256: ec7d68018ad3d9d9f1653f0d264fa6a337dd4c4b8abbe7a71f6b45b938f2f78d
  - id: W-077
    sha256: fced2c22e79562750e1820dc159c554199c1b3f379453edbfc03ef6ca72e6eb4
  - id: W-079
    sha256: 6d97083a386e3c6f82d19ca112d1d2d06c4b4d204baa5dbe36bb212347710743
  - id: W-080
    sha256: a6f9d12551b4f5202050ef91e767e62e8109e7ee725ae0a90bfe6df601afa554
  - id: W-081
    sha256: d7e724112bd161b4c29ec1cb0c5b9a9248a8cf2e2f1f8a7308f8c28f950715fb
  - id: W-086
    sha256: a39deb202520e65f4d4f874022c86d82f8178efaa0fcc9d6033d2afc70b8920e
  - id: W-088
    sha256: 3a2dbfa7ad0341d4c3a3ef65f4901059b2fc349d65d95859ef7b2892c7bf77a6
  - id: W-089
    sha256: 6dfb9d833660da3d58e6763e42fbed3d745545a871f68017dc4762411675ae67
  - id: W-101
    sha256: f4bd4c9003aeb4245b8d46018c1171f5addb7a6bddd31235d141f3d4e512e27c
  - id: W-119
    sha256: 40dfe0631bf9389713ea9afc1790fb2e1e8dabdd8bdce3d18b90a8adc6bd66a4
  - id: W-120
    sha256: e9dab14588df7163ba2df78975932ae137f9125a418d69f03e2336eaf5f1950f
  - id: W-158
    sha256: a7dc8b36803567d7841f2ad976476c4185fb53a3f0d534c606d3b995be53d6e3
  - id: W-176
    sha256: 2d9e182e1ccb346060e5cc2984e9f218d89ca4312d7cbab6ea7878cecc2a6fcd
  - id: W-177
    sha256: 3743612acbd1ba02e049020d2c757915b4e9fe19afd81b506ae4bbfef8423b0b
  - id: W-178
    sha256: d8592c03fb1e1b66d5ba2f80a6738ed9c3d041f11213ffb38e5f41b657f6dc92
  - id: X-001
    sha256: 457b57e887528e14956ec3abeada5e0860ff52b7e17690b1d71a73f33220bcf3
  - id: X-003
    sha256: 114aa713647760c2797d74a52f2f295e3d89a8a0d9c457902be5e55aca6d62ba
- entry_sha256: ce220774ae4187d93d62043688805c23b34d89e17e0ebd8d980d330c9fe1d482
  n: 2
  records:
  - id: T-002
    sha256: acd73f18378e84c7efcab7ee0226c9c3ff820c6d569c92da5ea63da1769fa1ea
  - id: T-003
    sha256: 43f5a244dd6ffa57bbbe6800e275ecd692be7abc52f68263b779497fb7d0a565
  - id: T-004
    sha256: 1eccc3e1bdd2276194d2f47cc8ec757e970c90d6e28b6855ef647b07c4b0f58f
  - id: T-005
    sha256: de3a9eb14f49de6dfe0b33e357e511e84d10187ca6beff7576c7227882f1e11f
  - id: T-013
    sha256: 42f937b4d3da784781ce1dd6cda2105b1f0957be02146f75c0e67ff80e8160e9
  - id: T-030
    sha256: abd204f86592587dc95b562fa08a27eb6de1581149df64f121cc2588ec31350a
  - id: T-040
    sha256: 286ddb1d9133b48c5ea204250fcfce735839a7e6793f1d6476c19e994ff47190
  - id: T-041
    sha256: 066ed2bda411c23303806a163d398e2a69a2aba383ea63f38d77710a3e287f9b
  - id: T-042
    sha256: 37a35b4d51e35054db916d26f5a52bb87be16843106cf0fc330dff15717ce1a8
  - id: T-047
    sha256: 5f6890dcf3e323b86590949222de88de4f8087da079ca350a7ffa03f8dbc4763
  - id: T-049
    sha256: 0351a67df1ce0fbe7cc25e5cc562fcf07175e2e041b231de69da322624b8c350
  - id: T-050
    sha256: ce36535b7bd52728843531623f66b6cef74d18be9044a04d2e31596e2925d5c3
  - id: T-059
    sha256: 566003b5f9af803ebbcb19bb20cd85f1a3b4725291893cdfb18b1ec8db40c454
  - id: T-060
    sha256: b2ec30ed38a9338ebf39c2d6b34ef62d92c577c9febc08efa6c5dd71a49ff8c4
  - id: T-061
    sha256: d7d8bb7419efad68ca27ef416b8641c482d660bd048da4cef200e98ecf8f5055
  - id: T-066
    sha256: 855c0b7cf1ef3b8e61c38046845418f4f4776d18e7ab886d9d676cfc316c7e14
  - id: V-008
    sha256: 188f4725de1858781267cfbff52d8c5047a3d0f4b15e5945c6309f5f2a6d644c
  - id: V-015
    sha256: 7e16ac9bc99847e4a401347f081ea6d888036136209e73a6ae9b4c407e41d87c
  - id: W-010
    sha256: 4fc08671f78f4216bf403b54c237ac3251466bff432b49bd5179b3bd9ff6334c
  - id: W-074
    sha256: bd17751425c2400c7e2633b97636a206cd0d7c81317f582aecdd82c797a40e9c
  - id: W-075
    sha256: 17df80d2fe0d23648b7f7ac4b361a484b45194421174f6a264663f56d2797c17
  - id: W-076
    sha256: ec7d68018ad3d9d9f1653f0d264fa6a337dd4c4b8abbe7a71f6b45b938f2f78d
  - id: W-079
    sha256: 6d97083a386e3c6f82d19ca112d1d2d06c4b4d204baa5dbe36bb212347710743
  - id: W-080
    sha256: a6f9d12551b4f5202050ef91e767e62e8109e7ee725ae0a90bfe6df601afa554
  - id: W-081
    sha256: d7e724112bd161b4c29ec1cb0c5b9a9248a8cf2e2f1f8a7308f8c28f950715fb
  - id: W-082
    sha256: b85ed32b09aa8a45293133d85186cd4c59b54f0af46041b1703aeb658398f8ec
  - id: W-083
    sha256: 50da11a07df924fcd18d3204d09255cbe230f6561719b22e451aec0b06ae70b1
  - id: W-101
    sha256: f4bd4c9003aeb4245b8d46018c1171f5addb7a6bddd31235d141f3d4e512e27c
  - id: W-109
    sha256: 68a6786719899c157db380a09a40fdea44d8432b84fea2c18f0fb7ce8e5359ab
  - id: W-110
    sha256: dacb5aa9d93ad8ecbeaf805594b16d2c86ffaf58ceab87885537cd7abf0d56ab
  - id: W-121
    sha256: 742c46b7c64b43fd87eecfda763475c9f1393182cf8783f154559352083ee132
  - id: W-122
    sha256: 0a831640e39f1db8ea274745209d657d673d282fd1abd8c9b9bacde29a9a678a
  - id: W-123
    sha256: e3448acbe1f496198e6d4de08fc703ebaf55c723123b05db169db4f0628406bc
  - id: W-141
    sha256: 46856354de1e75762d70141d87e800889aa1278d620fbefb16c1c453365f576e
  - id: W-142
    sha256: 52661e50775765fcd05a1d189120166556b869ea2d5c85da05e823e0e87edf0b
  - id: X-003
    sha256: 114aa713647760c2797d74a52f2f295e3d89a8a0d9c457902be5e55aca6d62ba
  - id: X-004
    sha256: 01c3a353a0b4b2ea8223e98f3d77f3115389cd814172020990ef6a90772f209c
  - id: X-006
    sha256: b8131c9bb77fdf8431d1da9232e0c515916f5186776b7b6d0ff5ba57d90354a6
- entry_sha256: 2e6beb65fe96a46e71ebe29899ae8596395675611ccaf88cea83c02b39954ae2
  n: 3
  records:
  - id: T-004
    sha256: 1eccc3e1bdd2276194d2f47cc8ec757e970c90d6e28b6855ef647b07c4b0f58f
  - id: T-005
    sha256: de3a9eb14f49de6dfe0b33e357e511e84d10187ca6beff7576c7227882f1e11f
  - id: T-013
    sha256: 42f937b4d3da784781ce1dd6cda2105b1f0957be02146f75c0e67ff80e8160e9
  - id: T-022
    sha256: 5f916c450e81a35c6fb906a5c449cfcf13f719f6aa22dd8b2fd04a4a78145803
  - id: T-025
    sha256: 303aec1fbae0f0f3e9c26ab63f0fba7878ad4b372aced549d89c263c59c8953c
  - id: T-037
    sha256: 7617beb7a4e1506cbdebecaa23067da66840287e80abdc7df7ba01f69403adbe
  - id: T-043
    sha256: 4cef5d8414c6c6749c8488e1322a7db2312bd5b5b03f7784cc66cb9b564f4818
  - id: T-044
    sha256: 63bd5baada1e943a999d3d08e8b83924af06131d47e5499c5083db132343ce1f
  - id: T-045
    sha256: a01a3bc75a76cf9e0dbf654af5b5ca3a0c1b91c2c0b606195a8aa112f2d8414a
  - id: T-047
    sha256: 5f6890dcf3e323b86590949222de88de4f8087da079ca350a7ffa03f8dbc4763
  - id: T-062
    sha256: 049bf7f83b2d218c56969403809d475a210ddcd9a58646b892ed652cbaacf0e9
  - id: T-063
    sha256: eebb4f1bab3e25ba0989f2072bec88651dba075daa28942523134debc9e3b8cb
  - id: T-064
    sha256: b55f336ea54f3ba03df18dea82e8a8804d5a0682b6b6139db18ee372044b2760
  - id: T-065
    sha256: c46f84457e953eb01e1b521db03212d56d273b3608ecf376f6abd29b15114885
  - id: V-003
    sha256: 66f481795fbfc8da6d52eb1d7494b42aaab764a41fed64dbdc52a14437d9c98a
  - id: V-010
    sha256: 0f9647d1da1b99a961f5d92d1b593e2d33354907c434508df89ca4a3a2ba2bb9
  - id: W-010
    sha256: 4fc08671f78f4216bf403b54c237ac3251466bff432b49bd5179b3bd9ff6334c
  - id: W-074
    sha256: bd17751425c2400c7e2633b97636a206cd0d7c81317f582aecdd82c797a40e9c
  - id: W-075
    sha256: 17df80d2fe0d23648b7f7ac4b361a484b45194421174f6a264663f56d2797c17
  - id: W-076
    sha256: ec7d68018ad3d9d9f1653f0d264fa6a337dd4c4b8abbe7a71f6b45b938f2f78d
  - id: W-079
    sha256: 6d97083a386e3c6f82d19ca112d1d2d06c4b4d204baa5dbe36bb212347710743
  - id: W-080
    sha256: a6f9d12551b4f5202050ef91e767e62e8109e7ee725ae0a90bfe6df601afa554
  - id: W-081
    sha256: d7e724112bd161b4c29ec1cb0c5b9a9248a8cf2e2f1f8a7308f8c28f950715fb
  - id: W-101
    sha256: f4bd4c9003aeb4245b8d46018c1171f5addb7a6bddd31235d141f3d4e512e27c
  - id: W-121
    sha256: 742c46b7c64b43fd87eecfda763475c9f1393182cf8783f154559352083ee132
  - id: W-124
    sha256: dfb1c4288befaeb279cd59660e9cc62b7639d2acccea7df82cbca1aae2220f13
  - id: W-125
    sha256: baf67a67997db2ae0fb87a37f16e33572564712e3243727374cd2962de7a8f6c
  - id: W-126
    sha256: 94881d913aeac34d434a886aae9a29ec15d74a3e5ef8ef7feb4bf97d2ff02b4e
  - id: W-127
    sha256: 2cb6b470faee12353a18ceb716fb6dc69c62bef15848a081e417f5c920ebdf82
  - id: W-140
    sha256: e4b15865be5f98e750e66a8289daa47091fdb6c4d07797c8cfaffe786742ea76
  - id: W-185
    sha256: 9acc105aa1e946fdd40fbd37a6435b8fb6b33857b2d61cc06936821a0dd8bf8c
  - id: W-186
    sha256: 4af29f41448e5285f2343f843eb64dee966b25e024cace6f2288842fa9b7e7c3
  - id: X-003
    sha256: 114aa713647760c2797d74a52f2f295e3d89a8a0d9c457902be5e55aca6d62ba
  - id: X-006
    sha256: b8131c9bb77fdf8431d1da9232e0c515916f5186776b7b6d0ff5ba57d90354a6
- entry_sha256: 9f90ebe2ed6600ce201fa2138f497d909a82efb19636eef0788955563f98e2e4
  n: 4
  records:
  - id: T-006
    sha256: c9369ad7efd49912e8b675f26ab9a1d7c21571877ad0b84237e68d84c3e7f2a4
  - id: T-007
    sha256: 116179eb57698c7584d84d3d8e88e47823ed851ef2ab239150e5f4e28753dbbf
  - id: T-008
    sha256: bf189901f1596855fe874e0554938bd234f809dd11e51d5f8872a6aab848d226
  - id: T-012
    sha256: afc88ca9b891b1b48864652eae53e6cd95452564f65fe351ea96c22a8a795ce2
  - id: T-013
    sha256: 42f937b4d3da784781ce1dd6cda2105b1f0957be02146f75c0e67ff80e8160e9
  - id: T-018
    sha256: ff1dab46170edcef438570552565559f4c4081b94cf4f16f650347d11227a086
  - id: T-023
    sha256: edd0017cc288309907fcb1c9916767661e0a9a2ca36ec78bad65601fad58123e
  - id: T-028
    sha256: cb73561fb9352c83c504d9d1a2096eea21e4e9ad297aaeef01c3ad2c1839fa2f
  - id: T-029
    sha256: b4c06564ad369d19f6f27ffb17e4b78761092ea3558baeae3a4984b4947f4df0
  - id: T-033
    sha256: b46fe857ff31b137f746a14b276a72bf8ec99984bce2eb13ef6e4e4a6d4e8e56
  - id: T-034
    sha256: 35da1a9cf1bbc4cb1695a093cc956ef0506a8936624ab5cdcc3387b2b7ace017
  - id: T-038
    sha256: 9531c75e4530e8ee48b25d45f60d59cf0a9a585251cd0132609d96c03de5c5ad
  - id: T-047
    sha256: 5f6890dcf3e323b86590949222de88de4f8087da079ca350a7ffa03f8dbc4763
  - id: T-051
    sha256: 8f930b6cbd66720357fe766b170162f8985a6422a5a82c3384fd63104f926524
  - id: V-004
    sha256: 83a339fe866ffd27bec9dc833aeabded26333a1c3f5dffd415025a416ca645aa
  - id: V-005
    sha256: 1a79da08093ed83972fe940014ecd5ed8681a5cc79c3473211ac83a5f6a6cf51
  - id: V-011
    sha256: 4af99f2698cc9519d7baa6b129b8caf5928850c1b33969f03f41396b4530ab69
  - id: V-013
    sha256: 76ef5d151ed08b71195b68e4228a62888b92ec592cbb9a8a49a3519e8c73e519
  - id: V-014
    sha256: 9d0e2c6343d4aa943c3803d6893d21581d7ac40c7f16f71ffd032ca88808d07a
  - id: W-074
    sha256: bd17751425c2400c7e2633b97636a206cd0d7c81317f582aecdd82c797a40e9c
  - id: W-075
    sha256: 17df80d2fe0d23648b7f7ac4b361a484b45194421174f6a264663f56d2797c17
  - id: W-076
    sha256: ec7d68018ad3d9d9f1653f0d264fa6a337dd4c4b8abbe7a71f6b45b938f2f78d
  - id: W-079
    sha256: 6d97083a386e3c6f82d19ca112d1d2d06c4b4d204baa5dbe36bb212347710743
  - id: W-080
    sha256: a6f9d12551b4f5202050ef91e767e62e8109e7ee725ae0a90bfe6df601afa554
  - id: W-081
    sha256: d7e724112bd161b4c29ec1cb0c5b9a9248a8cf2e2f1f8a7308f8c28f950715fb
  - id: W-084
    sha256: fb9a69ed1fbf3e8bd4295a6a5a4c8953f15542ab91456aee74c03b6065e63a62
  - id: W-101
    sha256: f4bd4c9003aeb4245b8d46018c1171f5addb7a6bddd31235d141f3d4e512e27c
  - id: W-104
    sha256: 0d10d1237cc015f1633730b8d95178209ebc052db1d58a0c7baf3d38f6ceb159
  - id: W-118
    sha256: 02791d00514db7d4044072b5962630e72c6872d3ba7fb3d754dcde91e82b57c2
  - id: W-121
    sha256: 742c46b7c64b43fd87eecfda763475c9f1393182cf8783f154559352083ee132
  - id: W-128
    sha256: c266ae644fe443809a85b7b4df66d228c29fcc604bf181a4a7dea68ddc1b677b
  - id: W-129
    sha256: c51f0f5eb5e28a2887c66fc02954f2a6ae2c195773df6426e0d6c5ed5bff94fa
  - id: W-130
    sha256: c3cefc2b6dacada9c81e6c67c3ef1ea6c3cdd371e0eb7727b37e00afa4b87b38
  - id: W-131
    sha256: 6d1ae84e6efab2882911a7b92b54b30c4389f8059d0e5a7f88ebbd8e6ffac5ee
  - id: W-151
    sha256: 402182d8375697ce491952910573f7cda5e6ee9713a44f86ad6a4b191a0471b7
  - id: X-002
    sha256: 5b8c40c0185b6f8221fe62557da5768f9c7e431f8d98b519797c087951b2d0be
  - id: X-003
    sha256: 114aa713647760c2797d74a52f2f295e3d89a8a0d9c457902be5e55aca6d62ba
  - id: X-007
    sha256: 516e06e28258b54910847385f53fc05ab4fed1df505d81ca5634cc988dbe8065
- entry_sha256: 76b574953b527bd376c39a1773468e9b6d10682ef91c9ebf89eab4b56ef17b21
  n: 5
  records:
  - id: T-009
    sha256: 48aab4108fa6af0c1d386cd4703b791aa767ffd32122a928c08d12bf34af5357
  - id: T-010
    sha256: 9ac730fd34451731cc4e3904853f4a66ca3aa8485a9a519cb55fbe2da0c3eb0f
  - id: T-013
    sha256: 42f937b4d3da784781ce1dd6cda2105b1f0957be02146f75c0e67ff80e8160e9
  - id: T-016
    sha256: 515e4d29df1b605c5b2036b36d40a95eeb02ad55f3d9dc33bffe4fc9f27c6294
  - id: T-017
    sha256: d484bdb9b796f4550d9234783f2af13af13a7c0c3c7ec63fc832764a8e7d892a
  - id: T-046
    sha256: 47c9ac505a267b7580a3447b060717ebc21846ab8240b478c0bce0ba961b1e52
  - id: T-047
    sha256: 5f6890dcf3e323b86590949222de88de4f8087da079ca350a7ffa03f8dbc4763
  - id: W-074
    sha256: bd17751425c2400c7e2633b97636a206cd0d7c81317f582aecdd82c797a40e9c
  - id: W-075
    sha256: 17df80d2fe0d23648b7f7ac4b361a484b45194421174f6a264663f56d2797c17
  - id: W-076
    sha256: ec7d68018ad3d9d9f1653f0d264fa6a337dd4c4b8abbe7a71f6b45b938f2f78d
  - id: W-079
    sha256: 6d97083a386e3c6f82d19ca112d1d2d06c4b4d204baa5dbe36bb212347710743
  - id: W-080
    sha256: a6f9d12551b4f5202050ef91e767e62e8109e7ee725ae0a90bfe6df601afa554
  - id: W-081
    sha256: d7e724112bd161b4c29ec1cb0c5b9a9248a8cf2e2f1f8a7308f8c28f950715fb
  - id: W-101
    sha256: f4bd4c9003aeb4245b8d46018c1171f5addb7a6bddd31235d141f3d4e512e27c
  - id: W-121
    sha256: 742c46b7c64b43fd87eecfda763475c9f1393182cf8783f154559352083ee132
  - id: W-130
    sha256: c3cefc2b6dacada9c81e6c67c3ef1ea6c3cdd371e0eb7727b37e00afa4b87b38
  - id: W-132
    sha256: 8e6a954def988aaf213812ac03e05fc5c86a804d2c0f39cb0a11b6c5772a7a62
  - id: W-133
    sha256: 1cdf09a2047cd9e68a1e61eb3654c6969747aee22b652d74eb1dc74886cc82bb
  - id: W-134
    sha256: a57c41e88881832b5f87ace94369d8b1d4c3d2449583ada9a0c76b51386b0483
  - id: W-135
    sha256: bb88ff2e456b46f901a9483adaa4fdf02f0bc51040506a32df6eab65785846fc
  - id: X-002
    sha256: 5b8c40c0185b6f8221fe62557da5768f9c7e431f8d98b519797c087951b2d0be
  - id: X-003
    sha256: 114aa713647760c2797d74a52f2f295e3d89a8a0d9c457902be5e55aca6d62ba
  - id: X-004
    sha256: 01c3a353a0b4b2ea8223e98f3d77f3115389cd814172020990ef6a90772f209c
  - id: X-006
    sha256: b8131c9bb77fdf8431d1da9232e0c515916f5186776b7b6d0ff5ba57d90354a6
- entry_sha256: 3bf2c2e6971e50c25d80875856ea7e4c47efbe61b96e11d4fc273869e077150a
  n: 6
  records:
  - id: EX-001
    sha256: c9e52ae9477a00b7ca3f164b8214c073a6b8340ba34df489410f8defa8088087
  - id: T-003
    sha256: 43f5a244dd6ffa57bbbe6800e275ecd692be7abc52f68263b779497fb7d0a565
  - id: T-011
    sha256: b323018effcd50f94d877998ebe49ef4017eff2a94298e482e2b9bc6d3a47bee
  - id: T-013
    sha256: 42f937b4d3da784781ce1dd6cda2105b1f0957be02146f75c0e67ff80e8160e9
  - id: T-015
    sha256: 92f42574de2b28c8454743f79851353a693ca6476cffc5cfbc1c26695b660841
  - id: T-017
    sha256: d484bdb9b796f4550d9234783f2af13af13a7c0c3c7ec63fc832764a8e7d892a
  - id: T-020
    sha256: a9d8fd6b7ad526c247740fb6ec03bd271348d4ae001a697e20b4ea962d2bf02d
  - id: T-021
    sha256: 0273e47e53afb060bb25e68a14a1e55d69e6d5642e2d803ffce321749140e99e
  - id: T-024
    sha256: c375e6f2dea76e0a72742d2ac50ee2719638bbcb2aeeb91c6bc962d9f713cbf0
  - id: T-026
    sha256: 3a53e1a626910772d0b3bb272f48c59b29e249ed2e1750d15c95e248ace8518e
  - id: T-036
    sha256: aec87f80097f9cf5808c3898b9acfc2fd66a617fad57fd83d953543533c37e89
  - id: W-004
    sha256: 384cbe4dee0c9aa339fde8d600ffd2c51de3a0b40db58480f12358648f27efb1
  - id: W-006
    sha256: c881905a12e39db893fdb079224b7d51e97097df6c3e0c7e519d109f4d5c7c2c
  - id: W-011
    sha256: cf6972010040560277bcfd6cd9a0355c7270fc51253a98bf17eeb84850427999
  - id: W-065
    sha256: da5711c2afc66e27ca5c8b657318659b6118cbff16cd26ed11a8ee91ff8a77e2
  - id: W-074
    sha256: bd17751425c2400c7e2633b97636a206cd0d7c81317f582aecdd82c797a40e9c
  - id: W-075
    sha256: 17df80d2fe0d23648b7f7ac4b361a484b45194421174f6a264663f56d2797c17
  - id: W-076
    sha256: ec7d68018ad3d9d9f1653f0d264fa6a337dd4c4b8abbe7a71f6b45b938f2f78d
  - id: W-079
    sha256: 6d97083a386e3c6f82d19ca112d1d2d06c4b4d204baa5dbe36bb212347710743
  - id: W-080
    sha256: a6f9d12551b4f5202050ef91e767e62e8109e7ee725ae0a90bfe6df601afa554
  - id: W-081
    sha256: d7e724112bd161b4c29ec1cb0c5b9a9248a8cf2e2f1f8a7308f8c28f950715fb
  - id: W-088
    sha256: 3a2dbfa7ad0341d4c3a3ef65f4901059b2fc349d65d95859ef7b2892c7bf77a6
  - id: W-101
    sha256: f4bd4c9003aeb4245b8d46018c1171f5addb7a6bddd31235d141f3d4e512e27c
  - id: W-121
    sha256: 742c46b7c64b43fd87eecfda763475c9f1393182cf8783f154559352083ee132
  - id: W-130
    sha256: c3cefc2b6dacada9c81e6c67c3ef1ea6c3cdd371e0eb7727b37e00afa4b87b38
  - id: W-136
    sha256: eb85c0c97ab15646d6220a1dfa9b9e93777a18fca96778bf1cc6c1ff4869e2aa
  - id: W-137
    sha256: 78f114549959f166ff202babfd948e4701ae6d6de301d94db2d4543eb2c04bd6
  - id: W-138
    sha256: eab0b9550442699abd7ef1c8f7c62c2968c934d14d4f8be3df36035c8a96faa4
  - id: W-139
    sha256: a0ab92c5d547f6cad43b25339c247dec907d6bb028c2dc1e2d3a04ad471353fc
  - id: W-142
    sha256: 52661e50775765fcd05a1d189120166556b869ea2d5c85da05e823e0e87edf0b
  - id: W-143
    sha256: 3cd316d8b2217b8817b29dd7bb890ae1bca1400e5efb18916eb0063b1470ef5f
  - id: W-144
    sha256: 85d92df70892b2a1a2b0b3b91fd20faa28f303dba598b8ecc9ddbbe7a88f755b
  - id: W-162
    sha256: 75b15d8cdd123ee3505ca36f04491d131927afeaee8fc9a97f64b19e0b857376
  - id: W-164
    sha256: e6366d7e66dc97b55155d4edbe6cb36aab0708bd22b36eccda6e809714c01d81
  - id: W-179
    sha256: 9abd4a4f6f2cb4140f64e97207e1b41adbd51f64cf55fe0012392d3985a11192
  - id: W-180
    sha256: f313d1971869f88a5af19eedb799c01f6f9495a95ca9220227c213979e7a5a6b
  - id: W-181
    sha256: 8fc7b847678bd66d410a854f9c85f475e893e472b458ba8270f17413c2ffd760
  - id: W-182
    sha256: 3d23290da4ab2c54dacfbcefbe7d0f7f3be88182bb7e97031ae093d071c9e0b0
  - id: X-003
    sha256: 114aa713647760c2797d74a52f2f295e3d89a8a0d9c457902be5e55aca6d62ba
  - id: X-005
    sha256: f2d9f4fb1c1b22ab9cee12515b0e8e754089db0a7fcec6bc4edb7dfe5e781e60
- entry_sha256: 84f35cfec992f6495ab28efbc489a83e85f91d226ec0ab61b2d5a343f0b30896
  n: 7
  records:
  - id: S-001
    sha256: 25da840b982ee488ab9cc39ad384d3936bb003bdd170e96c8650d00d04c5f7da
  - id: T-003
    sha256: 43f5a244dd6ffa57bbbe6800e275ecd692be7abc52f68263b779497fb7d0a565
  - id: T-012
    sha256: afc88ca9b891b1b48864652eae53e6cd95452564f65fe351ea96c22a8a795ce2
  - id: T-013
    sha256: 42f937b4d3da784781ce1dd6cda2105b1f0957be02146f75c0e67ff80e8160e9
  - id: T-039
    sha256: 139eea05a4f1c3b94ef22d81b926edc62453ea6077247142893b498459b118d5
  - id: T-052
    sha256: cdc20126bca57601626b0cb237e860246bf36c2b4663d403840868f53c533990
  - id: W-074
    sha256: bd17751425c2400c7e2633b97636a206cd0d7c81317f582aecdd82c797a40e9c
  - id: W-075
    sha256: 17df80d2fe0d23648b7f7ac4b361a484b45194421174f6a264663f56d2797c17
  - id: W-076
    sha256: ec7d68018ad3d9d9f1653f0d264fa6a337dd4c4b8abbe7a71f6b45b938f2f78d
  - id: W-078
    sha256: 76b01e45b8d8eaf24bab5ff4d0db0d42351e8e4f0b79afc6ab6e672a17aa749a
  - id: W-079
    sha256: 6d97083a386e3c6f82d19ca112d1d2d06c4b4d204baa5dbe36bb212347710743
  - id: W-080
    sha256: a6f9d12551b4f5202050ef91e767e62e8109e7ee725ae0a90bfe6df601afa554
  - id: W-081
    sha256: d7e724112bd161b4c29ec1cb0c5b9a9248a8cf2e2f1f8a7308f8c28f950715fb
  - id: W-093
    sha256: ac525252bc3747f6a731569bceb507676a869f9a76bff804e7445d7768087b1f
  - id: W-101
    sha256: f4bd4c9003aeb4245b8d46018c1171f5addb7a6bddd31235d141f3d4e512e27c
  - id: W-121
    sha256: 742c46b7c64b43fd87eecfda763475c9f1393182cf8783f154559352083ee132
  - id: W-130
    sha256: c3cefc2b6dacada9c81e6c67c3ef1ea6c3cdd371e0eb7727b37e00afa4b87b38
  - id: W-141
    sha256: 46856354de1e75762d70141d87e800889aa1278d620fbefb16c1c453365f576e
  - id: W-171
    sha256: c244db700ea4cb64f929aac8f49228c250c6a019b7ca01d4d84fb688d51d704b
  - id: W-172
    sha256: 4cff49a394cab5ed579530540ac29c378bee962d1a2094ba60cdea0d33ebe973
  - id: W-173
    sha256: 88576f9ead9845f08f6aa32c7ffffe71ec8fa05597af0c2a8b7a66563ad1338f
  - id: W-174
    sha256: 0fd991ec0dd082309d77f3a1aa6f214058391695ac12ed98a55d650759d7c07e
  - id: W-183
    sha256: e1cc75c6800acec503b70d28f897d50c4119e4f669522ca01d12ed76149fb51e
  - id: W-184
    sha256: e71ff0f67c9f391f59f6e228d06bcfe5b2324ae55437d6dc23a1b1fe1bc18fdd
  - id: W-187
    sha256: 5994016c1bbb09c8397c993044d393b9497ab508b15f0cdb6ff0c30b551df7cb
  - id: X-003
    sha256: 114aa713647760c2797d74a52f2f295e3d89a8a0d9c457902be5e55aca6d62ba
- entry_sha256: 55175151ed22f5dc43dbf91b43627ed9e8ec109bcecd51893e63ccc892508f33
  n: 8
  records:
  - id: EX-001
    sha256: c9e52ae9477a00b7ca3f164b8214c073a6b8340ba34df489410f8defa8088087
  - id: T-001
    sha256: ff61ca9634701a04a5cfa099245c0235e34aee69279dc4b886e65e6ae18969d6
  - id: T-003
    sha256: 43f5a244dd6ffa57bbbe6800e275ecd692be7abc52f68263b779497fb7d0a565
  - id: T-005
    sha256: de3a9eb14f49de6dfe0b33e357e511e84d10187ca6beff7576c7227882f1e11f
  - id: T-020
    sha256: a9d8fd6b7ad526c247740fb6ec03bd271348d4ae001a697e20b4ea962d2bf02d
  - id: T-021
    sha256: 0273e47e53afb060bb25e68a14a1e55d69e6d5642e2d803ffce321749140e99e
  - id: T-024
    sha256: c375e6f2dea76e0a72742d2ac50ee2719638bbcb2aeeb91c6bc962d9f713cbf0
  - id: W-001
    sha256: 0fa83c16870fb2ca86018e4ed59fe72e6df29d6f12e71cfc687d89f03f3e819b
  - id: W-004
    sha256: 384cbe4dee0c9aa339fde8d600ffd2c51de3a0b40db58480f12358648f27efb1
  - id: W-006
    sha256: c881905a12e39db893fdb079224b7d51e97097df6c3e0c7e519d109f4d5c7c2c
  - id: W-010
    sha256: 4fc08671f78f4216bf403b54c237ac3251466bff432b49bd5179b3bd9ff6334c
  - id: W-011
    sha256: cf6972010040560277bcfd6cd9a0355c7270fc51253a98bf17eeb84850427999
  - id: W-050
    sha256: 6e311bc917350b44b8de08f82dc754fb6f6886faaa8b225f7c253ed140d2cbb0
  - id: W-065
    sha256: da5711c2afc66e27ca5c8b657318659b6118cbff16cd26ed11a8ee91ff8a77e2
  - id: W-074
    sha256: bd17751425c2400c7e2633b97636a206cd0d7c81317f582aecdd82c797a40e9c
  - id: W-075
    sha256: 17df80d2fe0d23648b7f7ac4b361a484b45194421174f6a264663f56d2797c17
  - id: W-076
    sha256: ec7d68018ad3d9d9f1653f0d264fa6a337dd4c4b8abbe7a71f6b45b938f2f78d
  - id: W-078
    sha256: 76b01e45b8d8eaf24bab5ff4d0db0d42351e8e4f0b79afc6ab6e672a17aa749a
  - id: W-079
    sha256: 6d97083a386e3c6f82d19ca112d1d2d06c4b4d204baa5dbe36bb212347710743
  - id: W-080
    sha256: a6f9d12551b4f5202050ef91e767e62e8109e7ee725ae0a90bfe6df601afa554
  - id: W-081
    sha256: d7e724112bd161b4c29ec1cb0c5b9a9248a8cf2e2f1f8a7308f8c28f950715fb
  - id: W-087
    sha256: 7c29738c0d03a1a4b5dc6c446caa0bff403c7196b5fb30f0d3c87ee6c447965f
  - id: W-088
    sha256: 3a2dbfa7ad0341d4c3a3ef65f4901059b2fc349d65d95859ef7b2892c7bf77a6
  - id: W-089
    sha256: 6dfb9d833660da3d58e6763e42fbed3d745545a871f68017dc4762411675ae67
  - id: W-101
    sha256: f4bd4c9003aeb4245b8d46018c1171f5addb7a6bddd31235d141f3d4e512e27c
  - id: W-119
    sha256: 40dfe0631bf9389713ea9afc1790fb2e1e8dabdd8bdce3d18b90a8adc6bd66a4
  - id: W-120
    sha256: e9dab14588df7163ba2df78975932ae137f9125a418d69f03e2336eaf5f1950f
  - id: W-121
    sha256: 742c46b7c64b43fd87eecfda763475c9f1393182cf8783f154559352083ee132
  - id: W-122
    sha256: 0a831640e39f1db8ea274745209d657d673d282fd1abd8c9b9bacde29a9a678a
  - id: W-124
    sha256: dfb1c4288befaeb279cd59660e9cc62b7639d2acccea7df82cbca1aae2220f13
  - id: W-126
    sha256: 94881d913aeac34d434a886aae9a29ec15d74a3e5ef8ef7feb4bf97d2ff02b4e
  - id: W-128
    sha256: c266ae644fe443809a85b7b4df66d228c29fcc604bf181a4a7dea68ddc1b677b
  - id: W-129
    sha256: c51f0f5eb5e28a2887c66fc02954f2a6ae2c195773df6426e0d6c5ed5bff94fa
  - id: W-130
    sha256: c3cefc2b6dacada9c81e6c67c3ef1ea6c3cdd371e0eb7727b37e00afa4b87b38
  - id: W-131
    sha256: 6d1ae84e6efab2882911a7b92b54b30c4389f8059d0e5a7f88ebbd8e6ffac5ee
  - id: W-132
    sha256: 8e6a954def988aaf213812ac03e05fc5c86a804d2c0f39cb0a11b6c5772a7a62
  - id: W-134
    sha256: a57c41e88881832b5f87ace94369d8b1d4c3d2449583ada9a0c76b51386b0483
  - id: W-136
    sha256: eb85c0c97ab15646d6220a1dfa9b9e93777a18fca96778bf1cc6c1ff4869e2aa
  - id: W-138
    sha256: eab0b9550442699abd7ef1c8f7c62c2968c934d14d4f8be3df36035c8a96faa4
  - id: W-141
    sha256: 46856354de1e75762d70141d87e800889aa1278d620fbefb16c1c453365f576e
  - id: W-143
    sha256: 3cd316d8b2217b8817b29dd7bb890ae1bca1400e5efb18916eb0063b1470ef5f
  - id: W-158
    sha256: a7dc8b36803567d7841f2ad976476c4185fb53a3f0d534c606d3b995be53d6e3
  - id: W-162
    sha256: 75b15d8cdd123ee3505ca36f04491d131927afeaee8fc9a97f64b19e0b857376
  - id: W-164
    sha256: e6366d7e66dc97b55155d4edbe6cb36aab0708bd22b36eccda6e809714c01d81
  - id: W-176
    sha256: 2d9e182e1ccb346060e5cc2984e9f218d89ca4312d7cbab6ea7878cecc2a6fcd
  - id: W-177
    sha256: 3743612acbd1ba02e049020d2c757915b4e9fe19afd81b506ae4bbfef8423b0b
  - id: W-178
    sha256: d8592c03fb1e1b66d5ba2f80a6738ed9c3d041f11213ffb38e5f41b657f6dc92
  - id: X-001
    sha256: 457b57e887528e14956ec3abeada5e0860ff52b7e17690b1d71a73f33220bcf3
  - id: X-003
    sha256: 114aa713647760c2797d74a52f2f295e3d89a8a0d9c457902be5e55aca6d62ba
  - id: X-005
    sha256: f2d9f4fb1c1b22ab9cee12515b0e8e754089db0a7fcec6bc4edb7dfe5e781e60
lock_schema: 1
module: a1/special-signs
shared:
  built_with_sha256: a185753f7391624581e34848cbaff0f06f16cf034a92eae70dbeb3718b6825ce
  sha256: a185753f7391624581e34848cbaff0f06f16cf034a92eae70dbeb3718b6825ce
