lessons:
- entry_sha256: 5801c06c41c0dc671ae7c4a2921db5ca9ff0060361c7977a45dccb29bc203002
  n: 1
  records:
  - id: T-001
    sha256: a0ad7270825a0416408b1d83989b4dfaa9e60bcf7bba967ce402b49320438163
  - id: T-013
    sha256: 42f937b4d3da784781ce1dd6cda2105b1f0957be02146f75c0e67ff80e8160e9
  - id: T-014
    sha256: 2645c3ca4e2b812597664124630e1e3503783b8e45c8450f30452ba90ef6104c
  - id: T-019
    sha256: abe11e507adf9704f203e91ece5a0a8bf0bf6997f8b9bfb0986b69360ddf4798
  - id: V-001
    sha256: 9698fc293f14d94e1b198a9536e301a5bbc6c150dd0be69805467e0f7a321ad0
  - id: V-006
    sha256: 9877824d1ba6f7223236ad0f926f0cdac6a329010629a8f5b024a927533e77c5
  - id: V-007
    sha256: 65892cea71135cf83c97d4d75738c38d0ff58a0667aaf03d3063c3c49d2071a5
  - id: W-074
    sha256: f25784e3dd731e83225274726f0eb345c2ba81972321b79e7bc8503cd43f93d0
  - id: W-075
    sha256: f8d70fa0d9b0b0037ef8a6e635abec91ff670fb2fabc2b8d3367f3fad838ecbd
  - id: W-076
    sha256: 6eab410679b75b24f85248c3c7e4634c7ae30f2e77a5b1c6e0deefa41c817f9a
  - id: W-079
    sha256: 58bb77f18138bd21e195e543dd251d289f63737bed6c5ab70d371ea4d04e9b55
  - id: W-080
    sha256: 76a0c25ceeb7187e78557c6778886269df772b051c1aeadec0fc5293b4630ccd
  - id: W-081
    sha256: 52278131f464fed3ecfe641355982eb6dd8742d575fb0679bc1b8df309901403
  - id: W-101
    sha256: 56a027510e94b63f0b1246ac400abb226252d7f522996219c413882c3ce0848a
  - id: W-119
    sha256: 210921401f4ed5aacdde47d6234b77b0f920ed5241b0e1ef9729a0d15340025d
  - id: W-120
    sha256: 81ef70f7a067d9ef1930aae305d1d96555bf0dac2c369522b4e67d330c5320f6
  - id: X-001
    sha256: 457b57e887528e14956ec3abeada5e0860ff52b7e17690b1d71a73f33220bcf3
  - id: X-003
    sha256: 114aa713647760c2797d74a52f2f295e3d89a8a0d9c457902be5e55aca6d62ba
- entry_sha256: dc1cad1cf5699e33a8d72954e95e2ffa8ad0b66c21d98c86b390ced520b3603a
  n: 2
  records:
  - id: T-002
    sha256: a8f6923a752c61b29009c7ef9f2ad50a39ccf883f633513c089cf58ed6d0f262
  - id: T-003
    sha256: 43f5a244dd6ffa57bbbe6800e275ecd692be7abc52f68263b779497fb7d0a565
  - id: T-004
    sha256: 1eccc3e1bdd2276194d2f47cc8ec757e970c90d6e28b6855ef647b07c4b0f58f
  - id: T-005
    sha256: de3a9eb14f49de6dfe0b33e357e511e84d10187ca6beff7576c7227882f1e11f
  - id: T-013
    sha256: 42f937b4d3da784781ce1dd6cda2105b1f0957be02146f75c0e67ff80e8160e9
  - id: T-030
    sha256: abd204f86592587dc95b562fa08a27eb6de1581149df64f121cc2588ec31350a
  - id: V-002
    sha256: 07b35f4bc9a6190efb2d865df5a20cdc1b5baeab6fcb9af008549a548a1a7e75
  - id: V-008
    sha256: 1d9e4263de5301a2f4a404e0aa9ccab0da0ee2b73ce6af67448146eabe150e37
  - id: W-010
    sha256: bbe7beba5d6848a81c3996ec26799d5aa4424efc01e328098e8038c79dc46e67
  - id: W-074
    sha256: f25784e3dd731e83225274726f0eb345c2ba81972321b79e7bc8503cd43f93d0
  - id: W-075
    sha256: f8d70fa0d9b0b0037ef8a6e635abec91ff670fb2fabc2b8d3367f3fad838ecbd
  - id: W-076
    sha256: 6eab410679b75b24f85248c3c7e4634c7ae30f2e77a5b1c6e0deefa41c817f9a
  - id: W-079
    sha256: 58bb77f18138bd21e195e543dd251d289f63737bed6c5ab70d371ea4d04e9b55
  - id: W-080
    sha256: 76a0c25ceeb7187e78557c6778886269df772b051c1aeadec0fc5293b4630ccd
  - id: W-081
    sha256: 52278131f464fed3ecfe641355982eb6dd8742d575fb0679bc1b8df309901403
  - id: W-101
    sha256: 56a027510e94b63f0b1246ac400abb226252d7f522996219c413882c3ce0848a
  - id: W-121
    sha256: e802f71be0596d7f1cffea3ca306e70546a1fad037e2bf11a4be41d2c5a789b5
  - id: W-122
    sha256: ac6fa671511eff2c0fec8a69d9298bd203dd378f24870e41cdfae6b38fe977fc
  - id: W-123
    sha256: 685bb6f06fd241ab4832dc0fb71f7c64869b34f1253155d745932e41cdeed267
  - id: W-141
    sha256: 7aed20967fb4a94b637712f84844ab34dd7f759442f40f82a038dd3da9a7c136
  - id: W-142
    sha256: 357e2e2898f90d99d77ea02f53230a797b926acac95ed53e84e5d672ad3eb55b
  - id: X-003
    sha256: 114aa713647760c2797d74a52f2f295e3d89a8a0d9c457902be5e55aca6d62ba
  - id: X-004
    sha256: 01c3a353a0b4b2ea8223e98f3d77f3115389cd814172020990ef6a90772f209c
- entry_sha256: a93fa2e415fd866c062c62c49b3214e69ee3d639fb67850f11bdf0aa4d25b300
  n: 3
  records:
  - id: T-004
    sha256: 1eccc3e1bdd2276194d2f47cc8ec757e970c90d6e28b6855ef647b07c4b0f58f
  - id: T-005
    sha256: de3a9eb14f49de6dfe0b33e357e511e84d10187ca6beff7576c7227882f1e11f
  - id: T-013
    sha256: 42f937b4d3da784781ce1dd6cda2105b1f0957be02146f75c0e67ff80e8160e9
  - id: T-022
    sha256: 5f916c450e81a35c6fb906a5c449cfcf13f719f6aa22dd8b2fd04a4a78145803
  - id: T-025
    sha256: 303aec1fbae0f0f3e9c26ab63f0fba7878ad4b372aced549d89c263c59c8953c
  - id: V-002
    sha256: 07b35f4bc9a6190efb2d865df5a20cdc1b5baeab6fcb9af008549a548a1a7e75
  - id: V-003
    sha256: d218e5a9948e7768335fbe912e9a6ba58b0bd2e80ed84a8c17801c718e5e3c86
  - id: W-010
    sha256: bbe7beba5d6848a81c3996ec26799d5aa4424efc01e328098e8038c79dc46e67
  - id: W-074
    sha256: f25784e3dd731e83225274726f0eb345c2ba81972321b79e7bc8503cd43f93d0
  - id: W-075
    sha256: f8d70fa0d9b0b0037ef8a6e635abec91ff670fb2fabc2b8d3367f3fad838ecbd
  - id: W-076
    sha256: 6eab410679b75b24f85248c3c7e4634c7ae30f2e77a5b1c6e0deefa41c817f9a
  - id: W-079
    sha256: 58bb77f18138bd21e195e543dd251d289f63737bed6c5ab70d371ea4d04e9b55
  - id: W-080
    sha256: 76a0c25ceeb7187e78557c6778886269df772b051c1aeadec0fc5293b4630ccd
  - id: W-081
    sha256: 52278131f464fed3ecfe641355982eb6dd8742d575fb0679bc1b8df309901403
  - id: W-101
    sha256: 56a027510e94b63f0b1246ac400abb226252d7f522996219c413882c3ce0848a
  - id: W-121
    sha256: e802f71be0596d7f1cffea3ca306e70546a1fad037e2bf11a4be41d2c5a789b5
  - id: W-124
    sha256: 5d27080c2a521ea24c7103c6e782d310ccbfab40bcad27f11cca647b4b14327b
  - id: W-125
    sha256: a39ab58049ca50d513e57fb46be039141265bc51214ae7f37267a62cd930655b
  - id: W-126
    sha256: 97928f6255af9efc6212c0279588edb51b67c4bfdd282620a906162f239e7339
  - id: W-127
    sha256: a874f7c451752e4ef79b6d5987bf5351949a7f498fc7f1376b70d85b8ec35e63
  - id: W-140
    sha256: dae30c94a570fee4a755b0a48f999224a7a6404ce0677cf475d1b8f4ed4a9fe3
  - id: X-003
    sha256: 114aa713647760c2797d74a52f2f295e3d89a8a0d9c457902be5e55aca6d62ba
- entry_sha256: 0717a140df17d3097eea2f5864574f95081be7a3e69bffb957929666a02f8e97
  n: 4
  records:
  - id: T-006
    sha256: c9369ad7efd49912e8b675f26ab9a1d7c21571877ad0b84237e68d84c3e7f2a4
  - id: T-007
    sha256: 116179eb57698c7584d84d3d8e88e47823ed851ef2ab239150e5f4e28753dbbf
  - id: T-008
    sha256: bf189901f1596855fe874e0554938bd234f809dd11e51d5f8872a6aab848d226
  - id: T-012
    sha256: f4917514a58ebd2b19e8571f61d9087af053b5d0fc70a431ae04325ec3e68d7e
  - id: T-013
    sha256: 42f937b4d3da784781ce1dd6cda2105b1f0957be02146f75c0e67ff80e8160e9
  - id: T-018
    sha256: ff1dab46170edcef438570552565559f4c4081b94cf4f16f650347d11227a086
  - id: T-023
    sha256: edd0017cc288309907fcb1c9916767661e0a9a2ca36ec78bad65601fad58123e
  - id: T-028
    sha256: cb73561fb9352c83c504d9d1a2096eea21e4e9ad297aaeef01c3ad2c1839fa2f
  - id: T-029
    sha256: b4c06564ad369d19f6f27ffb17e4b78761092ea3558baeae3a4984b4947f4df0
  - id: T-033
    sha256: b46fe857ff31b137f746a14b276a72bf8ec99984bce2eb13ef6e4e4a6d4e8e56
  - id: T-034
    sha256: 35da1a9cf1bbc4cb1695a093cc956ef0506a8936624ab5cdcc3387b2b7ace017
  - id: V-002
    sha256: 07b35f4bc9a6190efb2d865df5a20cdc1b5baeab6fcb9af008549a548a1a7e75
  - id: V-004
    sha256: 61da079b8c3552d9ba169e5296c66ddf24c2badf05665ddbdc4dd3634b180e78
  - id: V-005
    sha256: 786f89ccc3c3c5ee098c41d6647b944ef76c35973445e32a1cae02716e26dcc7
  - id: V-011
    sha256: 70910f263662f95e1b0279464dab4c996927ad5c907374be328be8f3cae3a8f0
  - id: V-012
    sha256: 2b80697932db4b358646e613a0d7b548360fcb52ffc0b8cc67b65d592aff8c3e
  - id: W-074
    sha256: f25784e3dd731e83225274726f0eb345c2ba81972321b79e7bc8503cd43f93d0
  - id: W-075
    sha256: f8d70fa0d9b0b0037ef8a6e635abec91ff670fb2fabc2b8d3367f3fad838ecbd
  - id: W-076
    sha256: 6eab410679b75b24f85248c3c7e4634c7ae30f2e77a5b1c6e0deefa41c817f9a
  - id: W-079
    sha256: 58bb77f18138bd21e195e543dd251d289f63737bed6c5ab70d371ea4d04e9b55
  - id: W-080
    sha256: 76a0c25ceeb7187e78557c6778886269df772b051c1aeadec0fc5293b4630ccd
  - id: W-081
    sha256: 52278131f464fed3ecfe641355982eb6dd8742d575fb0679bc1b8df309901403
  - id: W-101
    sha256: 56a027510e94b63f0b1246ac400abb226252d7f522996219c413882c3ce0848a
  - id: W-121
    sha256: e802f71be0596d7f1cffea3ca306e70546a1fad037e2bf11a4be41d2c5a789b5
  - id: W-128
    sha256: c266ae644fe443809a85b7b4df66d228c29fcc604bf181a4a7dea68ddc1b677b
  - id: W-129
    sha256: c51f0f5eb5e28a2887c66fc02954f2a6ae2c195773df6426e0d6c5ed5bff94fa
  - id: W-130
    sha256: daa345eaa58ba3698395ffb6561064a2b7dbe8e52b0eb65afb10a245eaa68d18
  - id: W-131
    sha256: 41f087836b55b6c98cd5254e3780a2d086d001e281b38972e9d7aa484d5ba0ce
  - id: X-002
    sha256: 5b8c40c0185b6f8221fe62557da5768f9c7e431f8d98b519797c087951b2d0be
  - id: X-003
    sha256: 114aa713647760c2797d74a52f2f295e3d89a8a0d9c457902be5e55aca6d62ba
- entry_sha256: cc37f5c4c7333a60458f0b70509e874eb18e3c97064a17b9fd0c0e103ebf9d8b
  n: 5
  records:
  - id: T-009
    sha256: 48aab4108fa6af0c1d386cd4703b791aa767ffd32122a928c08d12bf34af5357
  - id: T-010
    sha256: 64d0244a3417009afcd59c578a6c4c50b1098c55d66d366b7dffe15d5c500d4d
  - id: T-013
    sha256: 42f937b4d3da784781ce1dd6cda2105b1f0957be02146f75c0e67ff80e8160e9
  - id: T-016
    sha256: 515e4d29df1b605c5b2036b36d40a95eeb02ad55f3d9dc33bffe4fc9f27c6294
  - id: T-017
    sha256: d484bdb9b796f4550d9234783f2af13af13a7c0c3c7ec63fc832764a8e7d892a
  - id: V-002
    sha256: 07b35f4bc9a6190efb2d865df5a20cdc1b5baeab6fcb9af008549a548a1a7e75
  - id: W-074
    sha256: f25784e3dd731e83225274726f0eb345c2ba81972321b79e7bc8503cd43f93d0
  - id: W-075
    sha256: f8d70fa0d9b0b0037ef8a6e635abec91ff670fb2fabc2b8d3367f3fad838ecbd
  - id: W-076
    sha256: 6eab410679b75b24f85248c3c7e4634c7ae30f2e77a5b1c6e0deefa41c817f9a
  - id: W-079
    sha256: 58bb77f18138bd21e195e543dd251d289f63737bed6c5ab70d371ea4d04e9b55
  - id: W-080
    sha256: 76a0c25ceeb7187e78557c6778886269df772b051c1aeadec0fc5293b4630ccd
  - id: W-081
    sha256: 52278131f464fed3ecfe641355982eb6dd8742d575fb0679bc1b8df309901403
  - id: W-101
    sha256: 56a027510e94b63f0b1246ac400abb226252d7f522996219c413882c3ce0848a
  - id: W-121
    sha256: e802f71be0596d7f1cffea3ca306e70546a1fad037e2bf11a4be41d2c5a789b5
  - id: W-130
    sha256: daa345eaa58ba3698395ffb6561064a2b7dbe8e52b0eb65afb10a245eaa68d18
  - id: W-132
    sha256: 4bd092f6b88e9ff366f81c0d89755f5ab123e3dad5b031cb54137d191832c609
  - id: W-133
    sha256: 485e1657d56f3be4742ef6a66a4c1cda826f18b362f7966365f4326c1dd60104
  - id: W-134
    sha256: 1a6bd07ef14e2b33394c090172280b6cf9bed1c8ee9084697ab2e20971e723ec
  - id: W-135
    sha256: fbd1ff973252903b87e05d815102498b60976c162515d114165bc261889d2c7b
  - id: X-002
    sha256: 5b8c40c0185b6f8221fe62557da5768f9c7e431f8d98b519797c087951b2d0be
  - id: X-003
    sha256: 114aa713647760c2797d74a52f2f295e3d89a8a0d9c457902be5e55aca6d62ba
  - id: X-004
    sha256: 01c3a353a0b4b2ea8223e98f3d77f3115389cd814172020990ef6a90772f209c
- entry_sha256: b52bfb0297c1241a8f330e25a7410c18e692046995104b335feb34025b68fe0c
  n: 6
  records:
  - id: EX-001
    sha256: c9e52ae9477a00b7ca3f164b8214c073a6b8340ba34df489410f8defa8088087
  - id: T-011
    sha256: b323018effcd50f94d877998ebe49ef4017eff2a94298e482e2b9bc6d3a47bee
  - id: T-013
    sha256: 42f937b4d3da784781ce1dd6cda2105b1f0957be02146f75c0e67ff80e8160e9
  - id: T-015
    sha256: 92f42574de2b28c8454743f79851353a693ca6476cffc5cfbc1c26695b660841
  - id: T-017
    sha256: d484bdb9b796f4550d9234783f2af13af13a7c0c3c7ec63fc832764a8e7d892a
  - id: T-024
    sha256: c375e6f2dea76e0a72742d2ac50ee2719638bbcb2aeeb91c6bc962d9f713cbf0
  - id: T-026
    sha256: 3a53e1a626910772d0b3bb272f48c59b29e249ed2e1750d15c95e248ace8518e
  - id: T-036
    sha256: 88ac8b281f8c3cedeca5a9ca1d4ef824b1ac51e9f9397860d2d63b7c9342c8a3
  - id: V-002
    sha256: 07b35f4bc9a6190efb2d865df5a20cdc1b5baeab6fcb9af008549a548a1a7e75
  - id: W-004
    sha256: 384cbe4dee0c9aa339fde8d600ffd2c51de3a0b40db58480f12358648f27efb1
  - id: W-010
    sha256: bbe7beba5d6848a81c3996ec26799d5aa4424efc01e328098e8038c79dc46e67
  - id: W-011
    sha256: 8f54041d141c85aac053c1007a07739fef3b1cf16f17a8ed10c29a6a9979ff66
  - id: W-065
    sha256: da5711c2afc66e27ca5c8b657318659b6118cbff16cd26ed11a8ee91ff8a77e2
  - id: W-074
    sha256: f25784e3dd731e83225274726f0eb345c2ba81972321b79e7bc8503cd43f93d0
  - id: W-075
    sha256: f8d70fa0d9b0b0037ef8a6e635abec91ff670fb2fabc2b8d3367f3fad838ecbd
  - id: W-076
    sha256: 6eab410679b75b24f85248c3c7e4634c7ae30f2e77a5b1c6e0deefa41c817f9a
  - id: W-079
    sha256: 58bb77f18138bd21e195e543dd251d289f63737bed6c5ab70d371ea4d04e9b55
  - id: W-080
    sha256: 76a0c25ceeb7187e78557c6778886269df772b051c1aeadec0fc5293b4630ccd
  - id: W-081
    sha256: 52278131f464fed3ecfe641355982eb6dd8742d575fb0679bc1b8df309901403
  - id: W-101
    sha256: 56a027510e94b63f0b1246ac400abb226252d7f522996219c413882c3ce0848a
  - id: W-121
    sha256: e802f71be0596d7f1cffea3ca306e70546a1fad037e2bf11a4be41d2c5a789b5
  - id: W-125
    sha256: a39ab58049ca50d513e57fb46be039141265bc51214ae7f37267a62cd930655b
  - id: W-130
    sha256: daa345eaa58ba3698395ffb6561064a2b7dbe8e52b0eb65afb10a245eaa68d18
  - id: W-136
    sha256: c301e8fadc7c1e4c3a1959f0e137f705c8e9d4858b1bf091350c6b554262fd3c
  - id: W-137
    sha256: 78f114549959f166ff202babfd948e4701ae6d6de301d94db2d4543eb2c04bd6
  - id: W-138
    sha256: 7faf8f59c4306b2471a84289a48f8363c2064cd4c0f8ae899bb1248c8a33022f
  - id: W-139
    sha256: d4d40f3016d3680b746d8514f1c578b26730501de9e6fb095f8635bb28eb770b
  - id: W-142
    sha256: 357e2e2898f90d99d77ea02f53230a797b926acac95ed53e84e5d672ad3eb55b
  - id: W-143
    sha256: 3cd316d8b2217b8817b29dd7bb890ae1bca1400e5efb18916eb0063b1470ef5f
  - id: W-144
    sha256: e6d5682830e38770be3402b56946d6bbf387aa133b52c919fe0b86c0e2f0b53e
  - id: X-003
    sha256: 114aa713647760c2797d74a52f2f295e3d89a8a0d9c457902be5e55aca6d62ba
  - id: X-005
    sha256: f2d9f4fb1c1b22ab9cee12515b0e8e754089db0a7fcec6bc4edb7dfe5e781e60
- entry_sha256: 98bd77a04ea469195b74b9ba98a2d26056883ade4a0dfa8917c2eac22c965a0e
  n: 7
  records:
  - id: S-001
    sha256: 3483d670f403b227cc218b6737d267519750cc6e2b02eaa9055a86c4250ed981
  - id: T-003
    sha256: 43f5a244dd6ffa57bbbe6800e275ecd692be7abc52f68263b779497fb7d0a565
  - id: T-012
    sha256: f4917514a58ebd2b19e8571f61d9087af053b5d0fc70a431ae04325ec3e68d7e
  - id: T-013
    sha256: 42f937b4d3da784781ce1dd6cda2105b1f0957be02146f75c0e67ff80e8160e9
  - id: V-002
    sha256: 07b35f4bc9a6190efb2d865df5a20cdc1b5baeab6fcb9af008549a548a1a7e75
  - id: W-074
    sha256: f25784e3dd731e83225274726f0eb345c2ba81972321b79e7bc8503cd43f93d0
  - id: W-075
    sha256: f8d70fa0d9b0b0037ef8a6e635abec91ff670fb2fabc2b8d3367f3fad838ecbd
  - id: W-076
    sha256: 6eab410679b75b24f85248c3c7e4634c7ae30f2e77a5b1c6e0deefa41c817f9a
  - id: W-078
    sha256: 4254bb6f43e8282cd8036306e534f30adfa27a4caafed0bb57da6a1f67151e62
  - id: W-079
    sha256: 58bb77f18138bd21e195e543dd251d289f63737bed6c5ab70d371ea4d04e9b55
  - id: W-080
    sha256: 76a0c25ceeb7187e78557c6778886269df772b051c1aeadec0fc5293b4630ccd
  - id: W-081
    sha256: 52278131f464fed3ecfe641355982eb6dd8742d575fb0679bc1b8df309901403
  - id: W-101
    sha256: 56a027510e94b63f0b1246ac400abb226252d7f522996219c413882c3ce0848a
  - id: W-121
    sha256: e802f71be0596d7f1cffea3ca306e70546a1fad037e2bf11a4be41d2c5a789b5
  - id: W-130
    sha256: daa345eaa58ba3698395ffb6561064a2b7dbe8e52b0eb65afb10a245eaa68d18
  - id: W-141
    sha256: 7aed20967fb4a94b637712f84844ab34dd7f759442f40f82a038dd3da9a7c136
  - id: W-171
    sha256: efc1ada2d337322238bb8a870b1ea5077b3eadab66a2af18d3a4e4dd57e81ac5
  - id: W-172
    sha256: a91ee86e51d3a1cf8ad442bb80b3e27a6b914f76c40525dae014c264b5579132
  - id: W-173
    sha256: 1a5aa4667bbc20e510817bc22d74cf29aab01d127c854960699b3b803054cbf4
  - id: W-174
    sha256: 5eaa83af77a5dc76aa9f4d5e0a6158524d043f56ae5b5f28e7565d6bdfd9b783
  - id: W-175
    sha256: cfa342f6e08a8ae94ddafe0112d4e70abec67aa1e10cad9b5b4c235f5b2ad9d2
  - id: X-003
    sha256: 114aa713647760c2797d74a52f2f295e3d89a8a0d9c457902be5e55aca6d62ba
- entry_sha256: 012534debbae38aabd9018eb97b68d1350b7998368fa927b3e2f5ebfeabfb72e
  n: 8
  records:
  - id: EX-001
    sha256: c9e52ae9477a00b7ca3f164b8214c073a6b8340ba34df489410f8defa8088087
  - id: T-020
    sha256: a9d8fd6b7ad526c247740fb6ec03bd271348d4ae001a697e20b4ea962d2bf02d
  - id: T-021
    sha256: 0273e47e53afb060bb25e68a14a1e55d69e6d5642e2d803ffce321749140e99e
  - id: T-035
    sha256: af898f4f9587fa66482bb168b1a97dd69f6074230fe34ebbd48885662b75017e
  - id: W-001
    sha256: 0fa83c16870fb2ca86018e4ed59fe72e6df29d6f12e71cfc687d89f03f3e819b
  - id: W-004
    sha256: 384cbe4dee0c9aa339fde8d600ffd2c51de3a0b40db58480f12358648f27efb1
  - id: W-011
    sha256: 8f54041d141c85aac053c1007a07739fef3b1cf16f17a8ed10c29a6a9979ff66
  - id: W-032
    sha256: c9006f2f96ce38bcc911a61f3124719cfb0a030843e53ede8999562c70e31f0a
  - id: W-065
    sha256: da5711c2afc66e27ca5c8b657318659b6118cbff16cd26ed11a8ee91ff8a77e2
  - id: W-074
    sha256: f25784e3dd731e83225274726f0eb345c2ba81972321b79e7bc8503cd43f93d0
  - id: W-075
    sha256: f8d70fa0d9b0b0037ef8a6e635abec91ff670fb2fabc2b8d3367f3fad838ecbd
  - id: W-076
    sha256: 6eab410679b75b24f85248c3c7e4634c7ae30f2e77a5b1c6e0deefa41c817f9a
  - id: W-078
    sha256: 4254bb6f43e8282cd8036306e534f30adfa27a4caafed0bb57da6a1f67151e62
  - id: W-079
    sha256: 58bb77f18138bd21e195e543dd251d289f63737bed6c5ab70d371ea4d04e9b55
  - id: W-080
    sha256: 76a0c25ceeb7187e78557c6778886269df772b051c1aeadec0fc5293b4630ccd
  - id: W-081
    sha256: 52278131f464fed3ecfe641355982eb6dd8742d575fb0679bc1b8df309901403
  - id: W-087
    sha256: 3f162b2d1b41e4f83e908c20314edf7cac2a0911774c43376456c8a84b48705f
  - id: W-088
    sha256: 75315a7fa41f695e254b44a333b11bc0cb5fa5fe5e8fe13cff115bb3a62f43dd
  - id: W-089
    sha256: 50eaec2ac4ad1f880e32a7848c6ce0d8b9469ea58b81523c3b0c4bfd3c2d29c5
  - id: W-090
    sha256: 3716b25d7ac06e755f50d29e81884d0d7845e35b656e52a460b16357cb624397
  - id: W-101
    sha256: 56a027510e94b63f0b1246ac400abb226252d7f522996219c413882c3ce0848a
  - id: W-119
    sha256: 210921401f4ed5aacdde47d6234b77b0f920ed5241b0e1ef9729a0d15340025d
  - id: W-120
    sha256: 81ef70f7a067d9ef1930aae305d1d96555bf0dac2c369522b4e67d330c5320f6
  - id: W-121
    sha256: e802f71be0596d7f1cffea3ca306e70546a1fad037e2bf11a4be41d2c5a789b5
  - id: W-122
    sha256: ac6fa671511eff2c0fec8a69d9298bd203dd378f24870e41cdfae6b38fe977fc
  - id: W-123
    sha256: 685bb6f06fd241ab4832dc0fb71f7c64869b34f1253155d745932e41cdeed267
  - id: W-124
    sha256: 5d27080c2a521ea24c7103c6e782d310ccbfab40bcad27f11cca647b4b14327b
  - id: W-125
    sha256: a39ab58049ca50d513e57fb46be039141265bc51214ae7f37267a62cd930655b
  - id: W-126
    sha256: 97928f6255af9efc6212c0279588edb51b67c4bfdd282620a906162f239e7339
  - id: W-127
    sha256: a874f7c451752e4ef79b6d5987bf5351949a7f498fc7f1376b70d85b8ec35e63
  - id: W-128
    sha256: c266ae644fe443809a85b7b4df66d228c29fcc604bf181a4a7dea68ddc1b677b
  - id: W-129
    sha256: c51f0f5eb5e28a2887c66fc02954f2a6ae2c195773df6426e0d6c5ed5bff94fa
  - id: W-130
    sha256: daa345eaa58ba3698395ffb6561064a2b7dbe8e52b0eb65afb10a245eaa68d18
  - id: W-131
    sha256: 41f087836b55b6c98cd5254e3780a2d086d001e281b38972e9d7aa484d5ba0ce
  - id: W-132
    sha256: 4bd092f6b88e9ff366f81c0d89755f5ab123e3dad5b031cb54137d191832c609
  - id: W-133
    sha256: 485e1657d56f3be4742ef6a66a4c1cda826f18b362f7966365f4326c1dd60104
  - id: W-134
    sha256: 1a6bd07ef14e2b33394c090172280b6cf9bed1c8ee9084697ab2e20971e723ec
  - id: W-135
    sha256: fbd1ff973252903b87e05d815102498b60976c162515d114165bc261889d2c7b
  - id: W-136
    sha256: c301e8fadc7c1e4c3a1959f0e137f705c8e9d4858b1bf091350c6b554262fd3c
  - id: W-137
    sha256: 78f114549959f166ff202babfd948e4701ae6d6de301d94db2d4543eb2c04bd6
  - id: W-138
    sha256: 7faf8f59c4306b2471a84289a48f8363c2064cd4c0f8ae899bb1248c8a33022f
  - id: W-139
    sha256: d4d40f3016d3680b746d8514f1c578b26730501de9e6fb095f8635bb28eb770b
  - id: W-140
    sha256: dae30c94a570fee4a755b0a48f999224a7a6404ce0677cf475d1b8f4ed4a9fe3
  - id: W-141
    sha256: 7aed20967fb4a94b637712f84844ab34dd7f759442f40f82a038dd3da9a7c136
  - id: W-142
    sha256: 357e2e2898f90d99d77ea02f53230a797b926acac95ed53e84e5d672ad3eb55b
  - id: W-143
    sha256: 3cd316d8b2217b8817b29dd7bb890ae1bca1400e5efb18916eb0063b1470ef5f
  - id: W-144
    sha256: e6d5682830e38770be3402b56946d6bbf387aa133b52c919fe0b86c0e2f0b53e
  - id: W-160
    sha256: 78ed4502b0d0d55f0df2d12876237749b7a3c5d7980f18571029e18d805daadf
  - id: W-162
    sha256: a7a3324095591b3dabf54736a113997d169284690eceda10e2400902882869a1
  - id: W-163
    sha256: d5d7a68da4d55cee37f5280e50aeddab03b9e11e970c7c600e0713236012f6e9
  - id: W-164
    sha256: e6366d7e66dc97b55155d4edbe6cb36aab0708bd22b36eccda6e809714c01d81
  - id: W-165
    sha256: 7b9d4756773812cb0ca9e981d3de47ecb58fa14c9922d5f980185ab0ae7aef93
  - id: W-166
    sha256: a862fce0a9b0dc9102e19ab1a2115288b1a554107ff3513cb7c9cb8dd14c730c
  - id: W-167
    sha256: 9f72cad482878e3dfd78c66a1805ce98b06ad4c3aa57519f5407a952e9094b77
  - id: W-168
    sha256: bc8d9dcfb82d11deb12c25860da84e68be8100e4bb88fdb98787386dba4600c0
  - id: W-169
    sha256: b65b3be1c0fdfc424fd6fc2ab1e4df3bdaba0c64c3b5182e7a2ba97552cf574b
  - id: W-170
    sha256: 8cae6f91afaf863f39918a9024ee44a584dcb5807b35fa5d0e51e82482b42b9a
  - id: W-171
    sha256: efc1ada2d337322238bb8a870b1ea5077b3eadab66a2af18d3a4e4dd57e81ac5
  - id: W-172
    sha256: a91ee86e51d3a1cf8ad442bb80b3e27a6b914f76c40525dae014c264b5579132
  - id: W-173
    sha256: 1a5aa4667bbc20e510817bc22d74cf29aab01d127c854960699b3b803054cbf4
  - id: W-174
    sha256: 5eaa83af77a5dc76aa9f4d5e0a6158524d043f56ae5b5f28e7565d6bdfd9b783
  - id: W-175
    sha256: cfa342f6e08a8ae94ddafe0112d4e70abec67aa1e10cad9b5b4c235f5b2ad9d2
  - id: X-001
    sha256: 457b57e887528e14956ec3abeada5e0860ff52b7e17690b1d71a73f33220bcf3
  - id: X-003
    sha256: 114aa713647760c2797d74a52f2f295e3d89a8a0d9c457902be5e55aca6d62ba
  - id: X-005
    sha256: f2d9f4fb1c1b22ab9cee12515b0e8e754089db0a7fcec6bc4edb7dfe5e781e60
lock_schema: 1
module: a1/special-signs
shared:
  built_with_sha256: ac9ace2b2a26b7f38f4012d02fe81bb1c7ac3f02191906b1df4ba77452227fae
  sha256: ac9ace2b2a26b7f38f4012d02fe81bb1c7ac3f02191906b1df4ba77452227fae
