lessons:
- entry_sha256: 506d11f63281f802d6b9693457fe3c6427b75d963a10ea20637cde963e67c208
  n: 1
  records:
  - id: T-001
    sha256: 0f993cce0b0832608eee5da5edef05bf974af726da782b59ca2c6de927c78ed7
  - id: T-002
    sha256: ca24af23ec5b9c7f21ac5c59e34b419232ebb900386a736921baa5d875c55e1c
  - id: T-003
    sha256: af5fbf8cb32c3d3481b9de6f396460b20c4591d70c6c91ae6742f96fff257578
  - id: T-021
    sha256: 492ce6bea038bf249a50104df0fab86d7876d50fff7baca24d62c67b99c331fc
  - id: T-022
    sha256: 78d65f41f56e4045b12a1e1b395e79ff64533396c5a75894e4cf73f010716154
  - id: T-023
    sha256: 355df1cfb9f916db34969e46657717a987c13473092b555888d2125cbb76604c
  - id: V-001
    sha256: df8fd4bf82fdc39ab770c1c49e963f13f82438152284e261be88501fbe956eb3
  - id: V-005
    sha256: a267fad37a269e4356b96195a0a2d56fe1c1fc0d147d42cd652b2e24e93aea76
  - id: W-074
    sha256: f25784e3dd731e83225274726f0eb345c2ba81972321b79e7bc8503cd43f93d0
  - id: W-075
    sha256: f8d70fa0d9b0b0037ef8a6e635abec91ff670fb2fabc2b8d3367f3fad838ecbd
  - id: W-076
    sha256: 6eab410679b75b24f85248c3c7e4634c7ae30f2e77a5b1c6e0deefa41c817f9a
  - id: W-079
    sha256: 58bb77f18138bd21e195e543dd251d289f63737bed6c5ab70d371ea4d04e9b55
  - id: W-080
    sha256: 76a0c25ceeb7187e78557c6778886269df772b051c1aeadec0fc5293b4630ccd
  - id: W-081
    sha256: 52278131f464fed3ecfe641355982eb6dd8742d575fb0679bc1b8df309901403
  - id: W-082
    sha256: 3d42e560eee6863ad8c9e7b22d195f778af18ebbe1df89283237c61cb4e82d03
  - id: W-101
    sha256: 56a027510e94b63f0b1246ac400abb226252d7f522996219c413882c3ce0848a
  - id: W-102
    sha256: f34c13067d71f93f5348d9791489b3562d1429135c197cf43540a8c5e9c6e59a
  - id: W-117
    sha256: 1016ea8002bae851f9bd13d37ec8fba095cf59f65e07b345c50efd911b672f4c
  - id: X-001
    sha256: 6cb08cbd4f2fab7c6d3eb1fda46b453cf8ca0c1bf55f68e2ba2872e4531e1181
  - id: X-004
    sha256: d9533b58d8b6bffa3f2652321d033bf503f5ffc1642f412987518e52d54abb0c
- entry_sha256: cdeb381e33f2e92a47c1fffa9ca5ba7d06d0dd5925224e12512d365a21172a55
  n: 2
  records:
  - id: EX-003
    sha256: d4142f60ab6a797b6fcba3a6e379c75acba5325dbf4ddd99519b58208628223b
  - id: T-004
    sha256: baf3407ef7d1ef580e25425f7d35dfeb8552fdcdca93d2d092e8d3025f68127d
  - id: T-005
    sha256: 680690e692bc9fe805311ac1d7031f760c9d772be31a5b139f1952da2f1f3aee
  - id: T-006
    sha256: f7c01e31c446fc63ef0c21c03ddc621541001413acbe08a912e071625c03d6c7
  - id: T-018
    sha256: 60994349001dd72f9272b05f043f17b0e426b0e9e4fb50165da0056e2318b820
  - id: T-024
    sha256: 41c1ed463a5a8d10dc1e64f957e5e71423cb886395f766b53dd84e3c2ae074c4
  - id: T-025
    sha256: 386e2e9b715e3096c82a2c1f5f95cf1c03dba856108cf05d9c2ab99dd9cdea09
  - id: T-026
    sha256: a39fbecb30a127862b5b5cfd77e5e2dba282d008196211593edad642bc56d225
  - id: V-006
    sha256: fd1a50506cc2729e861d4788159bfe13e4f5aa17805806813925cae245d5b0fc
  - id: V-007
    sha256: 3c9bc0053ba360e0d2b10e4cde7c5588b96a2dd0baa1cbfac2ca282ae94c93d4
  - id: V-008
    sha256: 8d9ba6b23ba97906cc65e8962f88011747b391e7fbab7e99ceea4b7bed014aae
  - id: W-035
    sha256: fe0e07ef823f64e41ade99faf018a6c89daeeb391a4fc26a3c4408fe7a05ef72
  - id: W-074
    sha256: f25784e3dd731e83225274726f0eb345c2ba81972321b79e7bc8503cd43f93d0
  - id: W-079
    sha256: 58bb77f18138bd21e195e543dd251d289f63737bed6c5ab70d371ea4d04e9b55
  - id: W-080
    sha256: 76a0c25ceeb7187e78557c6778886269df772b051c1aeadec0fc5293b4630ccd
  - id: W-081
    sha256: 52278131f464fed3ecfe641355982eb6dd8742d575fb0679bc1b8df309901403
  - id: W-101
    sha256: 56a027510e94b63f0b1246ac400abb226252d7f522996219c413882c3ce0848a
  - id: W-104
    sha256: 55c27a1144c31b3d927c04b0cb75778c5b66c4e3965860cd9ac404ba9a643038
  - id: W-105
    sha256: 7b0a3565f291d9ab98f25c7d8b2e65bc46225b8d97c8ee76aa38c3f6e259bbc8
  - id: W-116
    sha256: dd0c74a7056650b7116a61b5cc67a4177c435d43cde9215117d743b2eca523a9
  - id: W-118
    sha256: f207182b84349cd330ed80ba9de6715deeb6d018fd844923f7b3d14aa2bcb61f
  - id: W-145
    sha256: a987117d775f2ceb734feecfbcfe5ea358e31b149e59878022f55c6b1136ddde
  - id: W-146
    sha256: 2e3ca550c387d1c61d69a686bab61d889a38a8701820391c4929e304c141cb40
  - id: W-147
    sha256: fe62721b6200a9916a60407c85eea45100a512a91957e6e460c8ac2f6c6198d9
  - id: W-148
    sha256: 51f29e652c63b4454edd727a573a9eaae5f12f5e8b94690808d3b1440cda783b
  - id: X-001
    sha256: 6cb08cbd4f2fab7c6d3eb1fda46b453cf8ca0c1bf55f68e2ba2872e4531e1181
  - id: X-004
    sha256: d9533b58d8b6bffa3f2652321d033bf503f5ffc1642f412987518e52d54abb0c
- entry_sha256: b6be6316b671a95ea49a96cae330299338402af6cf33db705f2395fc7a3ea69f
  n: 3
  records:
  - id: EX-004
    sha256: 59785da9a1ac83fc32b3676433c206f7b43cff578d1267f50314aa7a7d8a2548
  - id: T-007
    sha256: d379506a2636b4c1ec7ca38b2452f0694aeffeaa33fa1211bd935701b09045fc
  - id: T-008
    sha256: 7caec6cfd63cd1772ba521ae5481763273ab8b56e367a21dbce856422906a782
  - id: T-009
    sha256: d9a9231b234866a03295ffddc845ccb78bf7d913c0970f2544bff019cb0baf5e
  - id: T-020
    sha256: 4b11082bf5d2c11846707bec7eeb798d1d9f64ccb3982996be8912509b14e49e
  - id: T-027
    sha256: 2e577e53f1acc0b25d64e76b2682744db2e4872493d0e46ac16e0b67f39df8de
  - id: T-035
    sha256: 2b37d2394b4b9ba5325b6d12f1ad1e00aa8e6fd3ec080d00d3e6dae346e5acd3
  - id: V-002
    sha256: a37f253f5e17e82163a9c6047836a973e9258a439ab38e99cbc18eec554ceed2
  - id: V-009
    sha256: f974852ce5191fd2ab3a138fe4ba44ff0fd7f37d016fb213e45dcfa73d8bd008
  - id: W-074
    sha256: f25784e3dd731e83225274726f0eb345c2ba81972321b79e7bc8503cd43f93d0
  - id: W-075
    sha256: f8d70fa0d9b0b0037ef8a6e635abec91ff670fb2fabc2b8d3367f3fad838ecbd
  - id: W-076
    sha256: 6eab410679b75b24f85248c3c7e4634c7ae30f2e77a5b1c6e0deefa41c817f9a
  - id: W-079
    sha256: 58bb77f18138bd21e195e543dd251d289f63737bed6c5ab70d371ea4d04e9b55
  - id: W-080
    sha256: 76a0c25ceeb7187e78557c6778886269df772b051c1aeadec0fc5293b4630ccd
  - id: W-081
    sha256: 52278131f464fed3ecfe641355982eb6dd8742d575fb0679bc1b8df309901403
  - id: W-101
    sha256: 56a027510e94b63f0b1246ac400abb226252d7f522996219c413882c3ce0848a
  - id: W-104
    sha256: 55c27a1144c31b3d927c04b0cb75778c5b66c4e3965860cd9ac404ba9a643038
  - id: W-106
    sha256: c32496d96ba29f4c878267f612d54538c762168a893c47130e68363c1a81bd70
  - id: W-107
    sha256: 5e38d45cd8220225039b854f3d4992f04c99386f79bf7643cc41c8c7628907d1
  - id: W-149
    sha256: 5080f3d242581ffc2aefa1725a49323462d3014ff9cabb1ed07c5d7c11a70d2d
  - id: W-150
    sha256: 59cdc1fd4238afc7977108fd87a93497b8ffcffd3a49b9aefa0ade97fbbb992f
  - id: W-151
    sha256: f6977b4ab9d7a8a8d9f0f5b6e202214dfd063677d96bfe18d8593ef36b03af11
  - id: W-152
    sha256: d717b0d2bc1af0972474948f1a94bab4d8a75f68a8035e5957243abc8fc8eec3
  - id: W-153
    sha256: e16586a1e64dc6bdda1ec7466c48db9a3ee0a8cfe7342f7175acdeb77ddf057f
  - id: X-001
    sha256: 6cb08cbd4f2fab7c6d3eb1fda46b453cf8ca0c1bf55f68e2ba2872e4531e1181
  - id: X-002
    sha256: c2258192b06a5a3942f80df325fa445b0720c1c2484be3a93cfd6626ee1a153f
  - id: X-004
    sha256: d9533b58d8b6bffa3f2652321d033bf503f5ffc1642f412987518e52d54abb0c
- entry_sha256: 979a739c0c9369e919690e4e5ba4447cf254248edf8b0a3e14854f8db89c603e
  n: 4
  records:
  - id: T-004
    sha256: baf3407ef7d1ef580e25425f7d35dfeb8552fdcdca93d2d092e8d3025f68127d
  - id: T-010
    sha256: 43c7c75d6c05d5c9fe6fb6212ae26cfeefb691fff249a03868d7e453f78fe1d1
  - id: T-011
    sha256: 535a28e1a96d528d4734422f80a4ed28ea054aa4434c8f5ea57fa74f9b18dc4e
  - id: T-012
    sha256: 6e9df68afb07fe0559463973093ec08135239213a32b5fef8ff177c7952b42b7
  - id: T-019
    sha256: 24d0fc139e1cb7bf062a562236054a3986eb6944ea8c50848887d0882bb837c8
  - id: T-021
    sha256: 492ce6bea038bf249a50104df0fab86d7876d50fff7baca24d62c67b99c331fc
  - id: T-029
    sha256: a6c729504cf86acec19fbda57c22d4f7938f82c96c36488accb28e790d889f3c
  - id: T-030
    sha256: 7749746ce1ba327ddd4d5e32dd57df15f5cae0aa8872ad67331d6b01f5397247
  - id: T-031
    sha256: 90eee6e42ffec99b49057c6d1df9136f695de7bbedd3daf14b08e0e1cd300d7c
  - id: V-003
    sha256: 395ffabbe5608192a5035572bfa89b09417d0375ca0b30fe47a67cb3e2ad28a7
  - id: V-010
    sha256: e939813d74b151b50ef8e64c794b1544c6b4094785203b80ba7dfddcad198a99
  - id: V-011
    sha256: 6bd5f05b5df3406fa1d40b43b4c8c0f8ac0a284b70119247f50b14c309d6180a
  - id: W-074
    sha256: f25784e3dd731e83225274726f0eb345c2ba81972321b79e7bc8503cd43f93d0
  - id: W-079
    sha256: 58bb77f18138bd21e195e543dd251d289f63737bed6c5ab70d371ea4d04e9b55
  - id: W-080
    sha256: 76a0c25ceeb7187e78557c6778886269df772b051c1aeadec0fc5293b4630ccd
  - id: W-101
    sha256: 56a027510e94b63f0b1246ac400abb226252d7f522996219c413882c3ce0848a
  - id: W-103
    sha256: ffeaa6d61b18bb8d0b10f536337de9ba1e25facbe8ea0ace32183e7facf33638
  - id: W-104
    sha256: 55c27a1144c31b3d927c04b0cb75778c5b66c4e3965860cd9ac404ba9a643038
  - id: W-108
    sha256: 530a72b014f06e4db8527b3bade1505f57f75d01cffeaff53415caf003a31e81
  - id: W-109
    sha256: 6aa044a046642d7e14c791bc6260e1e66cfed81aa1d2fd29ba0f18428d2c4b18
  - id: W-110
    sha256: a4d6d528314a2f7674d88fe9501274b2259dc6eb43383c196c77f1b2e463c7e0
  - id: W-118
    sha256: f207182b84349cd330ed80ba9de6715deeb6d018fd844923f7b3d14aa2bcb61f
  - id: X-001
    sha256: 6cb08cbd4f2fab7c6d3eb1fda46b453cf8ca0c1bf55f68e2ba2872e4531e1181
  - id: X-004
    sha256: d9533b58d8b6bffa3f2652321d033bf503f5ffc1642f412987518e52d54abb0c
  - id: X-005
    sha256: 8ad7bf5a672259b5650c3c2ec5089bddabcfa7f06e3d54bc2888478fea3d4825
- entry_sha256: 79ee3ed9eb26fefdc8b4d0a9189fad49cf7e9b6ffee7e4dea5bede9b58b5687b
  n: 5
  records:
  - id: EX-001
    sha256: 8e2574db80676f82a4281506f7f8b713f243f90c63931e9c50905bb363e3c75a
  - id: EX-002
    sha256: 8ff243ab559aaf4f504e0032bd60f0dd4cb751a2ee7a3142fbac59b7b1b241dc
  - id: T-013
    sha256: 63fec9131736389cbf9f5427b7319704487ff7fd323700f6ed74a8cc66dc45bd
  - id: T-014
    sha256: ea074b5224455e84f29bfea36447471c0bdf7e9324f7ad2e4cfa95b2144dbb58
  - id: T-015
    sha256: 22690ac2a20136104ed0813ce275d409433c7a46ba074f960377b6c4769d7a64
  - id: T-029
    sha256: a6c729504cf86acec19fbda57c22d4f7938f82c96c36488accb28e790d889f3c
  - id: T-031
    sha256: 90eee6e42ffec99b49057c6d1df9136f695de7bbedd3daf14b08e0e1cd300d7c
  - id: T-032
    sha256: bea28791105c1abc628d749d37de48d2dc90e569b25e9a499be2ad3348edae97
  - id: T-033
    sha256: b7557366750aaaa77e5ae6d002a2d18600fe250d5425f1ba9c8999dccf24440a
  - id: T-036
    sha256: 41d0ed871d2e9dc3720286b10bf0cbe529c23cb984f942d02f822e2eddf8fdf2
  - id: T-037
    sha256: f6fb4523037cac81e4d7616ac28b48e83efb47f160d6425846ccceadc7872789
  - id: V-010
    sha256: e939813d74b151b50ef8e64c794b1544c6b4094785203b80ba7dfddcad198a99
  - id: V-011
    sha256: 6bd5f05b5df3406fa1d40b43b4c8c0f8ac0a284b70119247f50b14c309d6180a
  - id: V-012
    sha256: 72e5abea604e7f28c11d6b64ba05dfc41f82a87f32cc69b28bbc8ba7568b7adb
  - id: V-013
    sha256: 3a9c49167b7ed9fee8dafa6de4db1f9ab15d4b1168323da7a310c5278edfb85d
  - id: W-006
    sha256: c881905a12e39db893fdb079224b7d51e97097df6c3e0c7e519d109f4d5c7c2c
  - id: W-007
    sha256: 9d506bcb76362f704cf6dd32c8d6e6f52cca015d0b51a7c6a9485077819c32ed
  - id: W-061
    sha256: 890ea501735beb39077d85189374a799a1933b66ee5f045723c355f21ca8b1e0
  - id: W-074
    sha256: f25784e3dd731e83225274726f0eb345c2ba81972321b79e7bc8503cd43f93d0
  - id: W-079
    sha256: 58bb77f18138bd21e195e543dd251d289f63737bed6c5ab70d371ea4d04e9b55
  - id: W-080
    sha256: 76a0c25ceeb7187e78557c6778886269df772b051c1aeadec0fc5293b4630ccd
  - id: W-087
    sha256: 3f162b2d1b41e4f83e908c20314edf7cac2a0911774c43376456c8a84b48705f
  - id: W-104
    sha256: 55c27a1144c31b3d927c04b0cb75778c5b66c4e3965860cd9ac404ba9a643038
  - id: W-111
    sha256: 72c5d820e569e0fc61d6d3db0ab3869757246f6fef6354dbe117f8d2c2edf5c1
  - id: W-112
    sha256: a4bdd007873471aaa2a1aadd6866872d691442116eec9afb5440d53c79991571
  - id: W-113
    sha256: ba50c74056ec67e5ad458bc17a5d459036fd82b71d2b181c7f20d27f38c2e4f1
  - id: W-114
    sha256: f5d7b33158f085482142ec621ef06bc828ad142b921e0f512760f17941ce0be9
  - id: W-115
    sha256: 29351510697202ad327ea73efd55deda152167362e96faf0983ff1380f9ef9ff
  - id: X-001
    sha256: 6cb08cbd4f2fab7c6d3eb1fda46b453cf8ca0c1bf55f68e2ba2872e4531e1181
  - id: X-003
    sha256: 1736024a54ef142ec30a58af1a9ca93552cd5a842bea79f186f301e80d9eba9e
  - id: X-004
    sha256: d9533b58d8b6bffa3f2652321d033bf503f5ffc1642f412987518e52d54abb0c
- entry_sha256: 481671449e56b2f49803410341be27dfdcbf486d2e6bf9b8a709435ffe4524fe
  n: 6
  records:
  - id: EX-001
    sha256: 8e2574db80676f82a4281506f7f8b713f243f90c63931e9c50905bb363e3c75a
  - id: EX-002
    sha256: 8ff243ab559aaf4f504e0032bd60f0dd4cb751a2ee7a3142fbac59b7b1b241dc
  - id: T-016
    sha256: e8ee1dca1d537898653bf0ec651773ef342f4dcc7da610a8f25836ed4d7a367f
  - id: T-017
    sha256: 9e80181c1d8ca278b918442c5eaf89b8a1fa127cc2c9652e31bc6060ed6fcdab
  - id: T-034
    sha256: 6a58310918df28d3debeca5602e1ee1c208f3c42558a4b94990d088ed0c02b20
  - id: V-004
    sha256: 931283f2a28c08a572810d34db28ef9cf5f932aa19f9b9f003c31b78947014fd
  - id: V-014
    sha256: d8cfe6b425720b9f434bed6fdd8763627a3ef53b9e7ecf9b9bb2bf1c0be6c422
  - id: W-006
    sha256: c881905a12e39db893fdb079224b7d51e97097df6c3e0c7e519d109f4d5c7c2c
  - id: W-007
    sha256: 9d506bcb76362f704cf6dd32c8d6e6f52cca015d0b51a7c6a9485077819c32ed
  - id: W-026
    sha256: 9a1a748d5e20e6ae16542ecea39030da7d3be0088545f9a1331257fb1280847e
  - id: W-061
    sha256: 890ea501735beb39077d85189374a799a1933b66ee5f045723c355f21ca8b1e0
  - id: W-074
    sha256: f25784e3dd731e83225274726f0eb345c2ba81972321b79e7bc8503cd43f93d0
  - id: W-075
    sha256: f8d70fa0d9b0b0037ef8a6e635abec91ff670fb2fabc2b8d3367f3fad838ecbd
  - id: W-076
    sha256: 6eab410679b75b24f85248c3c7e4634c7ae30f2e77a5b1c6e0deefa41c817f9a
  - id: W-081
    sha256: 52278131f464fed3ecfe641355982eb6dd8742d575fb0679bc1b8df309901403
  - id: W-087
    sha256: 3f162b2d1b41e4f83e908c20314edf7cac2a0911774c43376456c8a84b48705f
  - id: W-093
    sha256: 198b0284de4758527134c8d85ec532b9424c29aa37b12ce76e156941b3a35043
  - id: W-101
    sha256: 56a027510e94b63f0b1246ac400abb226252d7f522996219c413882c3ce0848a
  - id: W-104
    sha256: 55c27a1144c31b3d927c04b0cb75778c5b66c4e3965860cd9ac404ba9a643038
  - id: W-109
    sha256: 6aa044a046642d7e14c791bc6260e1e66cfed81aa1d2fd29ba0f18428d2c4b18
  - id: W-110
    sha256: a4d6d528314a2f7674d88fe9501274b2259dc6eb43383c196c77f1b2e463c7e0
  - id: W-113
    sha256: ba50c74056ec67e5ad458bc17a5d459036fd82b71d2b181c7f20d27f38c2e4f1
  - id: W-114
    sha256: f5d7b33158f085482142ec621ef06bc828ad142b921e0f512760f17941ce0be9
  - id: W-115
    sha256: 29351510697202ad327ea73efd55deda152167362e96faf0983ff1380f9ef9ff
  - id: W-118
    sha256: f207182b84349cd330ed80ba9de6715deeb6d018fd844923f7b3d14aa2bcb61f
  - id: W-159
    sha256: c62bcc28cb77d1268e6f23995f05da8bf521dc71dec892f7cf33a7b8d6c32047
  - id: W-160
    sha256: 78ed4502b0d0d55f0df2d12876237749b7a3c5d7980f18571029e18d805daadf
  - id: W-161
    sha256: b1785de0117c12775450ba3da346cfd64b3ebef447cdf9a859e70eb6ddaf9c7a
  - id: W-162
    sha256: a7a3324095591b3dabf54736a113997d169284690eceda10e2400902882869a1
  - id: W-163
    sha256: d5d7a68da4d55cee37f5280e50aeddab03b9e11e970c7c600e0713236012f6e9
  - id: X-003
    sha256: 1736024a54ef142ec30a58af1a9ca93552cd5a842bea79f186f301e80d9eba9e
  - id: X-004
    sha256: d9533b58d8b6bffa3f2652321d033bf503f5ffc1642f412987518e52d54abb0c
lock_schema: 1
module: a1/reading-ukrainian
shared:
  built_with_sha256: ac9ace2b2a26b7f38f4012d02fe81bb1c7ac3f02191906b1df4ba77452227fae
  sha256: ac9ace2b2a26b7f38f4012d02fe81bb1c7ac3f02191906b1df4ba77452227fae
