lessons:
- entry_sha256: 507b55b31704827951179a5cc433084395bb7d474b059d276a37545edca9d0e8
  n: 1
  records:
  - id: T-001
    sha256: 0f993cce0b0832608eee5da5edef05bf974af726da782b59ca2c6de927c78ed7
  - id: T-002
    sha256: ca24af23ec5b9c7f21ac5c59e34b419232ebb900386a736921baa5d875c55e1c
  - id: T-003
    sha256: af5fbf8cb32c3d3481b9de6f396460b20c4591d70c6c91ae6742f96fff257578
  - id: T-021
    sha256: 492ce6bea038bf249a50104df0fab86d7876d50fff7baca24d62c67b99c331fc
  - id: T-022
    sha256: 78d65f41f56e4045b12a1e1b395e79ff64533396c5a75894e4cf73f010716154
  - id: T-023
    sha256: 355df1cfb9f916db34969e46657717a987c13473092b555888d2125cbb76604c
  - id: V-001
    sha256: df8fd4bf82fdc39ab770c1c49e963f13f82438152284e261be88501fbe956eb3
  - id: V-005
    sha256: a267fad37a269e4356b96195a0a2d56fe1c1fc0d147d42cd652b2e24e93aea76
  - id: W-074
    sha256: bd17751425c2400c7e2633b97636a206cd0d7c81317f582aecdd82c797a40e9c
  - id: W-075
    sha256: 17df80d2fe0d23648b7f7ac4b361a484b45194421174f6a264663f56d2797c17
  - id: W-076
    sha256: ec7d68018ad3d9d9f1653f0d264fa6a337dd4c4b8abbe7a71f6b45b938f2f78d
  - id: W-079
    sha256: 6d97083a386e3c6f82d19ca112d1d2d06c4b4d204baa5dbe36bb212347710743
  - id: W-080
    sha256: a6f9d12551b4f5202050ef91e767e62e8109e7ee725ae0a90bfe6df601afa554
  - id: W-081
    sha256: d7e724112bd161b4c29ec1cb0c5b9a9248a8cf2e2f1f8a7308f8c28f950715fb
  - id: W-082
    sha256: b85ed32b09aa8a45293133d85186cd4c59b54f0af46041b1703aeb658398f8ec
  - id: W-101
    sha256: f4bd4c9003aeb4245b8d46018c1171f5addb7a6bddd31235d141f3d4e512e27c
  - id: W-102
    sha256: 1ae7f0c1809ec5e222b90bd579cedae0a8c5ea24074ff7e060106d0e2e46191f
  - id: W-117
    sha256: 4f0e9d55b6fa14838c1324d24304a36cee785dc22ddd5a011cc16e3caf52da4c
  - id: X-001
    sha256: 6cb08cbd4f2fab7c6d3eb1fda46b453cf8ca0c1bf55f68e2ba2872e4531e1181
  - id: X-004
    sha256: d9533b58d8b6bffa3f2652321d033bf503f5ffc1642f412987518e52d54abb0c
- entry_sha256: 3310769dba6a605fbfda1e60a9d4736018c2b1fb06070bb22f82219e2e59633d
  n: 2
  records:
  - id: EX-003
    sha256: d4142f60ab6a797b6fcba3a6e379c75acba5325dbf4ddd99519b58208628223b
  - id: T-004
    sha256: baf3407ef7d1ef580e25425f7d35dfeb8552fdcdca93d2d092e8d3025f68127d
  - id: T-005
    sha256: 680690e692bc9fe805311ac1d7031f760c9d772be31a5b139f1952da2f1f3aee
  - id: T-006
    sha256: f7c01e31c446fc63ef0c21c03ddc621541001413acbe08a912e071625c03d6c7
  - id: T-018
    sha256: 60994349001dd72f9272b05f043f17b0e426b0e9e4fb50165da0056e2318b820
  - id: T-024
    sha256: 41c1ed463a5a8d10dc1e64f957e5e71423cb886395f766b53dd84e3c2ae074c4
  - id: T-025
    sha256: 386e2e9b715e3096c82a2c1f5f95cf1c03dba856108cf05d9c2ab99dd9cdea09
  - id: T-026
    sha256: a39fbecb30a127862b5b5cfd77e5e2dba282d008196211593edad642bc56d225
  - id: V-006
    sha256: fd1a50506cc2729e861d4788159bfe13e4f5aa17805806813925cae245d5b0fc
  - id: V-007
    sha256: 3c9bc0053ba360e0d2b10e4cde7c5588b96a2dd0baa1cbfac2ca282ae94c93d4
  - id: V-008
    sha256: 8d9ba6b23ba97906cc65e8962f88011747b391e7fbab7e99ceea4b7bed014aae
  - id: W-035
    sha256: fe0e07ef823f64e41ade99faf018a6c89daeeb391a4fc26a3c4408fe7a05ef72
  - id: W-074
    sha256: bd17751425c2400c7e2633b97636a206cd0d7c81317f582aecdd82c797a40e9c
  - id: W-079
    sha256: 6d97083a386e3c6f82d19ca112d1d2d06c4b4d204baa5dbe36bb212347710743
  - id: W-080
    sha256: a6f9d12551b4f5202050ef91e767e62e8109e7ee725ae0a90bfe6df601afa554
  - id: W-081
    sha256: d7e724112bd161b4c29ec1cb0c5b9a9248a8cf2e2f1f8a7308f8c28f950715fb
  - id: W-101
    sha256: f4bd4c9003aeb4245b8d46018c1171f5addb7a6bddd31235d141f3d4e512e27c
  - id: W-104
    sha256: 0d10d1237cc015f1633730b8d95178209ebc052db1d58a0c7baf3d38f6ceb159
  - id: W-105
    sha256: 52ed441286d1296f454ce91420106c0068e654f159c2e3566ab712db96d53bee
  - id: W-116
    sha256: dd0c74a7056650b7116a61b5cc67a4177c435d43cde9215117d743b2eca523a9
  - id: W-118
    sha256: 02791d00514db7d4044072b5962630e72c6872d3ba7fb3d754dcde91e82b57c2
  - id: W-145
    sha256: b37d97a12dda79746c9b92b3b8eb9d77dff837ff901076876299e869617a4caa
  - id: W-146
    sha256: 0f248513ff22a87040a1bf5a9e49e25f07fce6faa1c631b3797946ee7ffb7c3b
  - id: W-147
    sha256: 51788f65d2535100d8c64936910f2e92ed55ef730f68209204076e549d261654
  - id: W-148
    sha256: 901e82cdc134cf50737386c3e4d546cb44ff4e0871f46dc5212118e50f4ea32e
  - id: X-001
    sha256: 6cb08cbd4f2fab7c6d3eb1fda46b453cf8ca0c1bf55f68e2ba2872e4531e1181
  - id: X-004
    sha256: d9533b58d8b6bffa3f2652321d033bf503f5ffc1642f412987518e52d54abb0c
- entry_sha256: 68d680e5905705af157d1772171158c690b6e38cd59bc9c2b22f9ce1a2ead7a2
  n: 3
  records:
  - id: EX-004
    sha256: 59785da9a1ac83fc32b3676433c206f7b43cff578d1267f50314aa7a7d8a2548
  - id: T-007
    sha256: d379506a2636b4c1ec7ca38b2452f0694aeffeaa33fa1211bd935701b09045fc
  - id: T-008
    sha256: 7caec6cfd63cd1772ba521ae5481763273ab8b56e367a21dbce856422906a782
  - id: T-009
    sha256: d9a9231b234866a03295ffddc845ccb78bf7d913c0970f2544bff019cb0baf5e
  - id: T-020
    sha256: 4b11082bf5d2c11846707bec7eeb798d1d9f64ccb3982996be8912509b14e49e
  - id: T-027
    sha256: 2e577e53f1acc0b25d64e76b2682744db2e4872493d0e46ac16e0b67f39df8de
  - id: T-035
    sha256: 2b37d2394b4b9ba5325b6d12f1ad1e00aa8e6fd3ec080d00d3e6dae346e5acd3
  - id: V-002
    sha256: a37f253f5e17e82163a9c6047836a973e9258a439ab38e99cbc18eec554ceed2
  - id: V-009
    sha256: f974852ce5191fd2ab3a138fe4ba44ff0fd7f37d016fb213e45dcfa73d8bd008
  - id: W-074
    sha256: bd17751425c2400c7e2633b97636a206cd0d7c81317f582aecdd82c797a40e9c
  - id: W-075
    sha256: 17df80d2fe0d23648b7f7ac4b361a484b45194421174f6a264663f56d2797c17
  - id: W-076
    sha256: ec7d68018ad3d9d9f1653f0d264fa6a337dd4c4b8abbe7a71f6b45b938f2f78d
  - id: W-079
    sha256: 6d97083a386e3c6f82d19ca112d1d2d06c4b4d204baa5dbe36bb212347710743
  - id: W-080
    sha256: a6f9d12551b4f5202050ef91e767e62e8109e7ee725ae0a90bfe6df601afa554
  - id: W-081
    sha256: d7e724112bd161b4c29ec1cb0c5b9a9248a8cf2e2f1f8a7308f8c28f950715fb
  - id: W-101
    sha256: f4bd4c9003aeb4245b8d46018c1171f5addb7a6bddd31235d141f3d4e512e27c
  - id: W-104
    sha256: 0d10d1237cc015f1633730b8d95178209ebc052db1d58a0c7baf3d38f6ceb159
  - id: W-106
    sha256: 6667df5a4b3975f3092a7f3ca5aab00d1ae2f035d7bcb3718a5aaab3ad5786c6
  - id: W-107
    sha256: 5e38d45cd8220225039b854f3d4992f04c99386f79bf7643cc41c8c7628907d1
  - id: W-149
    sha256: 9111a6e474b3f3637321dd1e991970d6775e1044679e2a07902a84a261136c72
  - id: W-150
    sha256: 59cdc1fd4238afc7977108fd87a93497b8ffcffd3a49b9aefa0ade97fbbb992f
  - id: W-151
    sha256: 0ee7c493b9430ce2aedc0e6610ad93b3d32d89c92db64b7b793e337b08ba43b5
  - id: W-152
    sha256: 664ff8e4798957650249d007d71b8b4dc86577c1ebeed675ae6575e7efc349e9
  - id: W-153
    sha256: 7a0c62887982613e77de526b5058fcbe296ce3230e1f774d547e7a9e587840f9
  - id: X-001
    sha256: 6cb08cbd4f2fab7c6d3eb1fda46b453cf8ca0c1bf55f68e2ba2872e4531e1181
  - id: X-002
    sha256: c2258192b06a5a3942f80df325fa445b0720c1c2484be3a93cfd6626ee1a153f
  - id: X-004
    sha256: d9533b58d8b6bffa3f2652321d033bf503f5ffc1642f412987518e52d54abb0c
- entry_sha256: 745e3a4ffb9f0d72914cf3ecc85d1bc806a46f607897978fc2213bfcec752d8f
  n: 4
  records:
  - id: T-004
    sha256: baf3407ef7d1ef580e25425f7d35dfeb8552fdcdca93d2d092e8d3025f68127d
  - id: T-010
    sha256: 43c7c75d6c05d5c9fe6fb6212ae26cfeefb691fff249a03868d7e453f78fe1d1
  - id: T-011
    sha256: 535a28e1a96d528d4734422f80a4ed28ea054aa4434c8f5ea57fa74f9b18dc4e
  - id: T-012
    sha256: 6e9df68afb07fe0559463973093ec08135239213a32b5fef8ff177c7952b42b7
  - id: T-019
    sha256: 24d0fc139e1cb7bf062a562236054a3986eb6944ea8c50848887d0882bb837c8
  - id: T-021
    sha256: 492ce6bea038bf249a50104df0fab86d7876d50fff7baca24d62c67b99c331fc
  - id: T-029
    sha256: a6c729504cf86acec19fbda57c22d4f7938f82c96c36488accb28e790d889f3c
  - id: T-030
    sha256: 7749746ce1ba327ddd4d5e32dd57df15f5cae0aa8872ad67331d6b01f5397247
  - id: T-031
    sha256: 90eee6e42ffec99b49057c6d1df9136f695de7bbedd3daf14b08e0e1cd300d7c
  - id: V-003
    sha256: 395ffabbe5608192a5035572bfa89b09417d0375ca0b30fe47a67cb3e2ad28a7
  - id: V-010
    sha256: e939813d74b151b50ef8e64c794b1544c6b4094785203b80ba7dfddcad198a99
  - id: V-011
    sha256: 6bd5f05b5df3406fa1d40b43b4c8c0f8ac0a284b70119247f50b14c309d6180a
  - id: W-074
    sha256: bd17751425c2400c7e2633b97636a206cd0d7c81317f582aecdd82c797a40e9c
  - id: W-079
    sha256: 6d97083a386e3c6f82d19ca112d1d2d06c4b4d204baa5dbe36bb212347710743
  - id: W-080
    sha256: a6f9d12551b4f5202050ef91e767e62e8109e7ee725ae0a90bfe6df601afa554
  - id: W-101
    sha256: f4bd4c9003aeb4245b8d46018c1171f5addb7a6bddd31235d141f3d4e512e27c
  - id: W-103
    sha256: 9279cc7d761b1b54b42382ac57af04b627805aa225df7bad6cc389fcd9ae92ba
  - id: W-104
    sha256: 0d10d1237cc015f1633730b8d95178209ebc052db1d58a0c7baf3d38f6ceb159
  - id: W-108
    sha256: 28b4bc81238e182c2a4b5e0547dd45527cf79df4fc6c39684fd1cad4db0eaa39
  - id: W-109
    sha256: 68a6786719899c157db380a09a40fdea44d8432b84fea2c18f0fb7ce8e5359ab
  - id: W-110
    sha256: dacb5aa9d93ad8ecbeaf805594b16d2c86ffaf58ceab87885537cd7abf0d56ab
  - id: W-118
    sha256: 02791d00514db7d4044072b5962630e72c6872d3ba7fb3d754dcde91e82b57c2
  - id: X-001
    sha256: 6cb08cbd4f2fab7c6d3eb1fda46b453cf8ca0c1bf55f68e2ba2872e4531e1181
  - id: X-004
    sha256: d9533b58d8b6bffa3f2652321d033bf503f5ffc1642f412987518e52d54abb0c
  - id: X-005
    sha256: 8ad7bf5a672259b5650c3c2ec5089bddabcfa7f06e3d54bc2888478fea3d4825
- entry_sha256: 843d2d3f91f586ec9643eb4e0f07a0e9e404473336205b712e29dd8abaff1a79
  n: 5
  records:
  - id: EX-001
    sha256: 8e2574db80676f82a4281506f7f8b713f243f90c63931e9c50905bb363e3c75a
  - id: EX-002
    sha256: 8ff243ab559aaf4f504e0032bd60f0dd4cb751a2ee7a3142fbac59b7b1b241dc
  - id: T-013
    sha256: 63fec9131736389cbf9f5427b7319704487ff7fd323700f6ed74a8cc66dc45bd
  - id: T-014
    sha256: ea074b5224455e84f29bfea36447471c0bdf7e9324f7ad2e4cfa95b2144dbb58
  - id: T-015
    sha256: 22690ac2a20136104ed0813ce275d409433c7a46ba074f960377b6c4769d7a64
  - id: T-029
    sha256: a6c729504cf86acec19fbda57c22d4f7938f82c96c36488accb28e790d889f3c
  - id: T-031
    sha256: 90eee6e42ffec99b49057c6d1df9136f695de7bbedd3daf14b08e0e1cd300d7c
  - id: T-032
    sha256: bea28791105c1abc628d749d37de48d2dc90e569b25e9a499be2ad3348edae97
  - id: T-033
    sha256: b7557366750aaaa77e5ae6d002a2d18600fe250d5425f1ba9c8999dccf24440a
  - id: T-036
    sha256: 41d0ed871d2e9dc3720286b10bf0cbe529c23cb984f942d02f822e2eddf8fdf2
  - id: T-037
    sha256: f6fb4523037cac81e4d7616ac28b48e83efb47f160d6425846ccceadc7872789
  - id: V-010
    sha256: e939813d74b151b50ef8e64c794b1544c6b4094785203b80ba7dfddcad198a99
  - id: V-011
    sha256: 6bd5f05b5df3406fa1d40b43b4c8c0f8ac0a284b70119247f50b14c309d6180a
  - id: V-012
    sha256: 72e5abea604e7f28c11d6b64ba05dfc41f82a87f32cc69b28bbc8ba7568b7adb
  - id: V-013
    sha256: 3a9c49167b7ed9fee8dafa6de4db1f9ab15d4b1168323da7a310c5278edfb85d
  - id: W-006
    sha256: c881905a12e39db893fdb079224b7d51e97097df6c3e0c7e519d109f4d5c7c2c
  - id: W-007
    sha256: 9d506bcb76362f704cf6dd32c8d6e6f52cca015d0b51a7c6a9485077819c32ed
  - id: W-061
    sha256: 890ea501735beb39077d85189374a799a1933b66ee5f045723c355f21ca8b1e0
  - id: W-074
    sha256: bd17751425c2400c7e2633b97636a206cd0d7c81317f582aecdd82c797a40e9c
  - id: W-079
    sha256: 6d97083a386e3c6f82d19ca112d1d2d06c4b4d204baa5dbe36bb212347710743
  - id: W-080
    sha256: a6f9d12551b4f5202050ef91e767e62e8109e7ee725ae0a90bfe6df601afa554
  - id: W-087
    sha256: 7c29738c0d03a1a4b5dc6c446caa0bff403c7196b5fb30f0d3c87ee6c447965f
  - id: W-104
    sha256: 0d10d1237cc015f1633730b8d95178209ebc052db1d58a0c7baf3d38f6ceb159
  - id: W-111
    sha256: c00fd516a593832f7c9f866093490053f72d2a78f34e8b23e6b8782021127765
  - id: W-112
    sha256: c22dd7ded5e52aaabae55d1eadf5522af4ac212f8e45536ed275a67db3e9e783
  - id: W-113
    sha256: fe132b704231988f7a7b1c94512de10032650c286d342c91d6811a2cca59c709
  - id: W-114
    sha256: 70636cc23f96b27f31a3f37d075360024f25eac70075205e3e9584a129b56b7e
  - id: W-115
    sha256: f3d20aa8c4e20bdc194a9757a2ca806da3e12f2c8b060e9de9c0df15c225ef7d
  - id: X-001
    sha256: 6cb08cbd4f2fab7c6d3eb1fda46b453cf8ca0c1bf55f68e2ba2872e4531e1181
  - id: X-003
    sha256: 1736024a54ef142ec30a58af1a9ca93552cd5a842bea79f186f301e80d9eba9e
  - id: X-004
    sha256: d9533b58d8b6bffa3f2652321d033bf503f5ffc1642f412987518e52d54abb0c
- entry_sha256: 037e437aae12bc40afd478f9f9d818d3efb80405b99a153e659dd120d7ceb16f
  n: 6
  records:
  - id: EX-001
    sha256: 8e2574db80676f82a4281506f7f8b713f243f90c63931e9c50905bb363e3c75a
  - id: EX-002
    sha256: 8ff243ab559aaf4f504e0032bd60f0dd4cb751a2ee7a3142fbac59b7b1b241dc
  - id: T-016
    sha256: e8ee1dca1d537898653bf0ec651773ef342f4dcc7da610a8f25836ed4d7a367f
  - id: T-017
    sha256: 9e80181c1d8ca278b918442c5eaf89b8a1fa127cc2c9652e31bc6060ed6fcdab
  - id: T-034
    sha256: 6a58310918df28d3debeca5602e1ee1c208f3c42558a4b94990d088ed0c02b20
  - id: V-004
    sha256: 931283f2a28c08a572810d34db28ef9cf5f932aa19f9b9f003c31b78947014fd
  - id: V-014
    sha256: d8cfe6b425720b9f434bed6fdd8763627a3ef53b9e7ecf9b9bb2bf1c0be6c422
  - id: W-006
    sha256: c881905a12e39db893fdb079224b7d51e97097df6c3e0c7e519d109f4d5c7c2c
  - id: W-007
    sha256: 9d506bcb76362f704cf6dd32c8d6e6f52cca015d0b51a7c6a9485077819c32ed
  - id: W-026
    sha256: 9a1a748d5e20e6ae16542ecea39030da7d3be0088545f9a1331257fb1280847e
  - id: W-061
    sha256: 890ea501735beb39077d85189374a799a1933b66ee5f045723c355f21ca8b1e0
  - id: W-074
    sha256: bd17751425c2400c7e2633b97636a206cd0d7c81317f582aecdd82c797a40e9c
  - id: W-075
    sha256: 17df80d2fe0d23648b7f7ac4b361a484b45194421174f6a264663f56d2797c17
  - id: W-076
    sha256: ec7d68018ad3d9d9f1653f0d264fa6a337dd4c4b8abbe7a71f6b45b938f2f78d
  - id: W-081
    sha256: d7e724112bd161b4c29ec1cb0c5b9a9248a8cf2e2f1f8a7308f8c28f950715fb
  - id: W-087
    sha256: 7c29738c0d03a1a4b5dc6c446caa0bff403c7196b5fb30f0d3c87ee6c447965f
  - id: W-093
    sha256: ac525252bc3747f6a731569bceb507676a869f9a76bff804e7445d7768087b1f
  - id: W-101
    sha256: f4bd4c9003aeb4245b8d46018c1171f5addb7a6bddd31235d141f3d4e512e27c
  - id: W-104
    sha256: 0d10d1237cc015f1633730b8d95178209ebc052db1d58a0c7baf3d38f6ceb159
  - id: W-109
    sha256: 68a6786719899c157db380a09a40fdea44d8432b84fea2c18f0fb7ce8e5359ab
  - id: W-110
    sha256: dacb5aa9d93ad8ecbeaf805594b16d2c86ffaf58ceab87885537cd7abf0d56ab
  - id: W-113
    sha256: fe132b704231988f7a7b1c94512de10032650c286d342c91d6811a2cca59c709
  - id: W-114
    sha256: 70636cc23f96b27f31a3f37d075360024f25eac70075205e3e9584a129b56b7e
  - id: W-115
    sha256: f3d20aa8c4e20bdc194a9757a2ca806da3e12f2c8b060e9de9c0df15c225ef7d
  - id: W-118
    sha256: 02791d00514db7d4044072b5962630e72c6872d3ba7fb3d754dcde91e82b57c2
  - id: W-159
    sha256: c62bcc28cb77d1268e6f23995f05da8bf521dc71dec892f7cf33a7b8d6c32047
  - id: W-160
    sha256: 7e9aab8acf5d53c448a6ca006187afa55f9866cc9ba210c75ca187729c79be34
  - id: W-161
    sha256: b1785de0117c12775450ba3da346cfd64b3ebef447cdf9a859e70eb6ddaf9c7a
  - id: W-162
    sha256: 1b526462f17eeea968126e0056ae0242ed55b56faf4f1d9dd65f4caf0ebce8c5
  - id: W-163
    sha256: d5d7a68da4d55cee37f5280e50aeddab03b9e11e970c7c600e0713236012f6e9
  - id: X-003
    sha256: 1736024a54ef142ec30a58af1a9ca93552cd5a842bea79f186f301e80d9eba9e
  - id: X-004
    sha256: d9533b58d8b6bffa3f2652321d033bf503f5ffc1642f412987518e52d54abb0c
lock_schema: 1
module: a1/reading-ukrainian
shared:
  built_with_sha256: ac9ace2b2a26b7f38f4012d02fe81bb1c7ac3f02191906b1df4ba77452227fae
  sha256: ac9ace2b2a26b7f38f4012d02fe81bb1c7ac3f02191906b1df4ba77452227fae
