lessons:
- entry_sha256: cd3517373ee5e51ac96f2029ee0fd3bd2b7668936eb42131dbd370a23e7624b9
  n: 1
  records:
  - id: S-003
    sha256: 95cbeeb73f288857dc8f74d11858ec30682cb83586a907f6bd7458ef0ee5b22c
  - id: T-002
    sha256: e39300978d486539fb7180743a43f0fe0c97ea0ebf539bfa34e2d6c5544c6aef
  - id: T-003
    sha256: 17e2605e82f53ce03c0c70b8b0ed26c58956a4ceb20a6a64b3097941e1f435c6
  - id: T-020
    sha256: 968434eca0de3928c916e17164f565988289d98c070b5449a334af8d7711abea
  - id: T-021
    sha256: 2d3d708a1a5e2a8576240fd66d22a1c2258042e3bf09d2de9ff640cc2583ab20
  - id: T-035
    sha256: deca36edcf33b6fac4ead9fe292d5474062aee7538ee7ce87901047e32fc5ed6
  - id: V-001
    sha256: 698f0f6e94f68a8b7875a0e1723cfa1c9c7036c26d1da99c33bb25f414e8b8de
  - id: V-002
    sha256: d383ceb1b6f4ae3c4945c8f88f5468180fc01df8c4681a7241ca5cf570de891d
  - id: W-074
    sha256: bd17751425c2400c7e2633b97636a206cd0d7c81317f582aecdd82c797a40e9c
  - id: W-075
    sha256: 17df80d2fe0d23648b7f7ac4b361a484b45194421174f6a264663f56d2797c17
  - id: W-076
    sha256: ec7d68018ad3d9d9f1653f0d264fa6a337dd4c4b8abbe7a71f6b45b938f2f78d
  - id: W-091
    sha256: ffa9e0edae198892db80f84ccdfafd00270206f9c3df76d75250b37a98e7bd5b
  - id: W-093
    sha256: 6cfb9e0d8863ea9353a60a307cc113d25418856e350ad9b5d6725398666af8a6
  - id: W-099
    sha256: 85a75d2db88ef4b08582fb859e25de397c48d75a654809dc9f6f206105a8ed0e
  - id: X-001
    sha256: ce8545ceb7b188fcf5afd406a1138c188e744e1b9e7ba0e961ae13d655324ede
- entry_sha256: 3a821512ed08e69a77033f8dd0cfa6f518e25b86a1e17f5442058a1ec424d688
  n: 2
  records:
  - id: S-002
    sha256: 22eec567e549a7e88ad635dd7b685ca0e287293ba2a889815972f95410b671f2
  - id: T-001
    sha256: bcf293e6d8387f28e7cb171e60120618958c445328b62f6b18533001664ccd0c
  - id: T-006
    sha256: 86493960bad5f15004cacb40499bdd963e11a9b1a9709911dde730f9e740b82a
  - id: T-007
    sha256: 0ac08f78c83383dbc953058a54e6ae398232c055b66c351876bd9675193644ea
  - id: T-008
    sha256: e637117379429e64a955027306a4afe15bed99ff99cc11e52252f4437502696f
  - id: T-009
    sha256: 1687f9a120ec599c688cce6ccf22e2591bf9dedce831377183ebd3ba92c2fc17
  - id: T-022
    sha256: b9d0999ddcb61d4c1a9e6fb1be2741289607d75523bc4aafcaa3f4e50bcfd036
  - id: T-023
    sha256: 9d7e50ad57b47388c003604855ccc71c4f0ecceeddc06f07faa6f3f6847f1f6f
  - id: T-024
    sha256: 64af3b5099f7af1f06437fb2e0abeded52190ed19ff7b1deed1e930836fbf959
  - id: T-025
    sha256: 8ef7385d1d3b21069fda8c07bbf5a008be8ca7438df5e35ce92b887b60a2b82f
  - id: V-004
    sha256: 92a9e0a24c1a8bf8ae928473dcda6086b159f807a3066e367104b337b57da52b
  - id: V-005
    sha256: b128456feb1a358d319eb09d8bedcab487836e43632857e1d4baadb6dfb26d39
  - id: V-006
    sha256: ac501655f8a5ec929033984867e8226bbc1ce531855aa1bad6ebdfdc3c277218
  - id: V-007
    sha256: c8f1ffa30736782db9981708f07fe3b2e1416ba315e809d5da98dadf790c8f51
  - id: W-077
    sha256: fced2c22e79562750e1820dc159c554199c1b3f379453edbfc03ef6ca72e6eb4
  - id: W-078
    sha256: 76b01e45b8d8eaf24bab5ff4d0db0d42351e8e4f0b79afc6ab6e672a17aa749a
  - id: W-086
    sha256: a39deb202520e65f4d4f874022c86d82f8178efaa0fcc9d6033d2afc70b8920e
  - id: W-087
    sha256: 7c29738c0d03a1a4b5dc6c446caa0bff403c7196b5fb30f0d3c87ee6c447965f
- entry_sha256: c44753187f9cf3dab2616782caa6f1e224d2e754fec3849ede65478fd11c3817
  n: 3
  records:
  - id: T-001
    sha256: bcf293e6d8387f28e7cb171e60120618958c445328b62f6b18533001664ccd0c
  - id: T-004
    sha256: 16d2b2adffa9d479633ead71137bcb6431df337d632511ee8118f947ece7cd3d
  - id: T-009
    sha256: 1687f9a120ec599c688cce6ccf22e2591bf9dedce831377183ebd3ba92c2fc17
  - id: T-010
    sha256: e951dc10a096b8cc7dbaf06a410357a439ff1ea1be39986d615136de400447ff
  - id: T-011
    sha256: 2d3944539da41884a5372e405177b8595f29abfc9e8cd28ffc83b0fa39a44bbd
  - id: T-012
    sha256: a360c8042fcc8128c37c9ddc0d7eb3a4d9428f92f96c217f1cde2b77c9e8ff6f
  - id: T-019
    sha256: 1d8ba2ff67707f0b76b639e0f2bd41744aabf2ca4277a0a53fb1067494898377
  - id: T-025
    sha256: 8ef7385d1d3b21069fda8c07bbf5a008be8ca7438df5e35ce92b887b60a2b82f
  - id: T-026
    sha256: 4fae1930607e740668f5f24c5143ec1324812c644bc4327dbe659460213e2662
  - id: T-027
    sha256: 33031162a13084ac737b9ee8e3dc7af516559bef016a44c2107a2dec212eab66
  - id: T-028
    sha256: a6b4c754d2f85b369f14245c42ef01696a2f3835930dc8d1e48a4228346100ff
  - id: T-037
    sha256: bf1c43349243cc8bc0a83f45085240bc198703694ea990a06fcfb337944a3219
  - id: V-003
    sha256: ebf3e9d12b42cddbeeee3c96cc4475e88f1a4cbd0da339352f31c9a11b5e3fda
  - id: V-007
    sha256: c8f1ffa30736782db9981708f07fe3b2e1416ba315e809d5da98dadf790c8f51
  - id: V-008
    sha256: 8c24dab1a569f7181fbbba8c4e0a07f9e7707869381224a35da8aee64aa396a6
  - id: V-009
    sha256: d9068ed1c3922f54126fa414dc9888bcbd316bd8b796eb8101f20c7990463b18
  - id: V-010
    sha256: 5e131dc61f7c14fd7cab0d572232a5de4a56689cdfd2cda9c1a0d7c1a4b4800e
  - id: W-077
    sha256: fced2c22e79562750e1820dc159c554199c1b3f379453edbfc03ef6ca72e6eb4
  - id: W-078
    sha256: 76b01e45b8d8eaf24bab5ff4d0db0d42351e8e4f0b79afc6ab6e672a17aa749a
  - id: W-079
    sha256: 6d97083a386e3c6f82d19ca112d1d2d06c4b4d204baa5dbe36bb212347710743
  - id: W-080
    sha256: a6f9d12551b4f5202050ef91e767e62e8109e7ee725ae0a90bfe6df601afa554
  - id: W-081
    sha256: 05bf0a3182fef55da7483526f73e1973e56a3a26e79b6cb42b6db5671cc53e67
  - id: W-088
    sha256: 3a2dbfa7ad0341d4c3a3ef65f4901059b2fc349d65d95859ef7b2892c7bf77a6
  - id: W-091
    sha256: ffa9e0edae198892db80f84ccdfafd00270206f9c3df76d75250b37a98e7bd5b
  - id: W-092
    sha256: 553bcaedaf70c01ab929d941cfdbb83910148262c44b053ee3ca82cb5b6d3184
  - id: X-002
    sha256: d347d6a1fce47383faad5bde4b743d433eb8082f6d3102f8bc2401f098019d30
  - id: X-003
    sha256: bd426ad9e3866d9445a598e7491dae58f405da82b0f49e64ece2499063098fa1
- entry_sha256: 9885b3044e25635a6a5037b03e152409802b72e48fa197bc9b87897820791e92
  n: 4
  records:
  - id: S-002
    sha256: 22eec567e549a7e88ad635dd7b685ca0e287293ba2a889815972f95410b671f2
  - id: T-006
    sha256: 86493960bad5f15004cacb40499bdd963e11a9b1a9709911dde730f9e740b82a
  - id: T-007
    sha256: 0ac08f78c83383dbc953058a54e6ae398232c055b66c351876bd9675193644ea
  - id: T-010
    sha256: e951dc10a096b8cc7dbaf06a410357a439ff1ea1be39986d615136de400447ff
  - id: T-013
    sha256: a52a03de8ad7f8b5c49c78501d96df94d5ac3345fbb1230a06c1645c47e4fa52
  - id: T-014
    sha256: cfa0df95ba228b4aa4753641e0153e0fdf5a1dd22af0e2a023ac350014fb73aa
  - id: T-015
    sha256: ef261ca1af07790218f497b154bd7b1af595f5fb7e84975e383ba9379d03507b
  - id: T-019
    sha256: 1d8ba2ff67707f0b76b639e0f2bd41744aabf2ca4277a0a53fb1067494898377
  - id: T-029
    sha256: d7a0367d3fb49a61af696dd85ce847ac7d75631b97d09cd7ab2edd6c64f55260
  - id: T-030
    sha256: 953e21391d11c9b4c8df272bf563f0b1c472778bd769ca144ce761674ff47c15
  - id: T-031
    sha256: 14fc51eb12da2ad596ea3a17577cbd6dfac2d1d0f9036308935b5e688f1154d5
  - id: V-011
    sha256: 35e6120318059fbf896ec07d54d9aa98115ef3b8fcc7acf80bcd46d4d4aed795
  - id: V-012
    sha256: c027b47ae8ccaf0df3bdece83825d394877092af4c0f76bbdd13da94ee47cfa9
  - id: V-013
    sha256: 99ac0589a7a8f61660930bf977265730eb405361a33f4569c43a599a500132a1
  - id: W-079
    sha256: 6d97083a386e3c6f82d19ca112d1d2d06c4b4d204baa5dbe36bb212347710743
  - id: W-080
    sha256: a6f9d12551b4f5202050ef91e767e62e8109e7ee725ae0a90bfe6df601afa554
  - id: W-081
    sha256: 05bf0a3182fef55da7483526f73e1973e56a3a26e79b6cb42b6db5671cc53e67
  - id: W-082
    sha256: b85ed32b09aa8a45293133d85186cd4c59b54f0af46041b1703aeb658398f8ec
  - id: W-083
    sha256: 50da11a07df924fcd18d3204d09255cbe230f6561719b22e451aec0b06ae70b1
  - id: W-088
    sha256: 3a2dbfa7ad0341d4c3a3ef65f4901059b2fc349d65d95859ef7b2892c7bf77a6
  - id: W-089
    sha256: 6dfb9d833660da3d58e6763e42fbed3d745545a871f68017dc4762411675ae67
  - id: W-093
    sha256: 6cfb9e0d8863ea9353a60a307cc113d25418856e350ad9b5d6725398666af8a6
  - id: W-094
    sha256: 4bdbd2b899eca983e496b6b792e3fa0ed5882889fc7e8f6e4706e6d956139355
  - id: X-003
    sha256: bd426ad9e3866d9445a598e7491dae58f405da82b0f49e64ece2499063098fa1
  - id: X-004
    sha256: 231be9cdf0bfa6edc304702603088c78332da983f85d8a6839cb00a94e2ddd1d
  - id: X-005
    sha256: 95815ae33f2602bce44c77e9449e82eede8051dae2195888fc0566063b517733
- entry_sha256: b23f9d22c95f4760c166b9c999322608c584a0d38233251604bd4edf4fa2def6
  n: 5
  records:
  - id: S-001
    sha256: b2b09bc2734015e3f38d2d9e84a8dcb976e771eba118bfb6abf80228b6a2e248
  - id: S-002
    sha256: 22eec567e549a7e88ad635dd7b685ca0e287293ba2a889815972f95410b671f2
  - id: T-016
    sha256: 3bb290dc646a41ad9a4fb6226db7d5a27cd49f42060b563e5159f4b1552aec73
  - id: T-017
    sha256: 346a6d0d66f8a6be7423e721188eae2b87783e1663b0bcf55cd8e1fb1bbc2555
  - id: T-018
    sha256: 8ec8d1a49fe97f820c7784a70b8ee8c44df4d2d94bddf25d22251e8925baa194
  - id: T-034
    sha256: 1fa7512cdce391ffbfdd2c877637a7f904339862d0576a624de44fe21fe21bad
  - id: V-014
    sha256: 7e90f27c08a7fcd389d7dfec2104b11511c1183397b8a2772ec903f900f62428
  - id: V-015
    sha256: 687cb7c56d712192dfd81f4a381d2f39c81e2e0d87ffd3d01e9ad598b2788ed9
  - id: V-016
    sha256: fc82b4f77a132013c522c6c94f348656ec1fe60b4515b62dfcbe4da68948cb31
  - id: W-079
    sha256: 6d97083a386e3c6f82d19ca112d1d2d06c4b4d204baa5dbe36bb212347710743
  - id: W-080
    sha256: a6f9d12551b4f5202050ef91e767e62e8109e7ee725ae0a90bfe6df601afa554
  - id: W-081
    sha256: 05bf0a3182fef55da7483526f73e1973e56a3a26e79b6cb42b6db5671cc53e67
  - id: W-082
    sha256: b85ed32b09aa8a45293133d85186cd4c59b54f0af46041b1703aeb658398f8ec
  - id: W-083
    sha256: 50da11a07df924fcd18d3204d09255cbe230f6561719b22e451aec0b06ae70b1
  - id: W-084
    sha256: fb9a69ed1fbf3e8bd4295a6a5a4c8953f15542ab91456aee74c03b6065e63a62
  - id: W-085
    sha256: 0d4e9b4b0690c3bd4fd5cf851fdfeb855fc51cfde591c0a9a7906c66098c4737
  - id: W-089
    sha256: 6dfb9d833660da3d58e6763e42fbed3d745545a871f68017dc4762411675ae67
  - id: W-097
    sha256: 4ae39e15b6c182c2b430a697cbf637471209ac29c3863155e014351555ef3c5f
  - id: W-098
    sha256: 313ecb5366580ed96f096227ff9e80cf5e73a333cee000ff0bf6342d5a73da03
  - id: W-099
    sha256: 85a75d2db88ef4b08582fb859e25de397c48d75a654809dc9f6f206105a8ed0e
  - id: W-100
    sha256: 995ebbf42d689bb0ee9b49682581bec2c433694da956892190f7fec5ef758c27
  - id: X-003
    sha256: bd426ad9e3866d9445a598e7491dae58f405da82b0f49e64ece2499063098fa1
  - id: X-004
    sha256: 231be9cdf0bfa6edc304702603088c78332da983f85d8a6839cb00a94e2ddd1d
  - id: X-005
    sha256: 95815ae33f2602bce44c77e9449e82eede8051dae2195888fc0566063b517733
- entry_sha256: 2c2aa9d22e20c618674cde49b2b0d565af9a1c988ba84a28caf9ea3a24270756
  n: 6
  records:
  - id: S-001
    sha256: b2b09bc2734015e3f38d2d9e84a8dcb976e771eba118bfb6abf80228b6a2e248
  - id: S-002
    sha256: 22eec567e549a7e88ad635dd7b685ca0e287293ba2a889815972f95410b671f2
  - id: T-002
    sha256: e39300978d486539fb7180743a43f0fe0c97ea0ebf539bfa34e2d6c5544c6aef
  - id: T-005
    sha256: 676d708bd56f78a5cadd656119f52ffa4eb7c33cfe878d87d8e8630caa5b3799
  - id: T-036
    sha256: 27b4f80fadcad50d95dee56d26ac9175e91aa0a9af971d92f296f9a3483cb263
  - id: W-004
    sha256: 384cbe4dee0c9aa339fde8d600ffd2c51de3a0b40db58480f12358648f27efb1
  - id: W-050
    sha256: 6e311bc917350b44b8de08f82dc754fb6f6886faaa8b225f7c253ed140d2cbb0
  - id: W-062
    sha256: 46f37f01bee9b1ab57b8ccd29d2763a3c949329994ad040a2b24427ee3c37356
  - id: W-074
    sha256: bd17751425c2400c7e2633b97636a206cd0d7c81317f582aecdd82c797a40e9c
  - id: W-075
    sha256: 17df80d2fe0d23648b7f7ac4b361a484b45194421174f6a264663f56d2797c17
  - id: W-076
    sha256: ec7d68018ad3d9d9f1653f0d264fa6a337dd4c4b8abbe7a71f6b45b938f2f78d
  - id: W-077
    sha256: fced2c22e79562750e1820dc159c554199c1b3f379453edbfc03ef6ca72e6eb4
  - id: W-078
    sha256: 76b01e45b8d8eaf24bab5ff4d0db0d42351e8e4f0b79afc6ab6e672a17aa749a
  - id: W-079
    sha256: 6d97083a386e3c6f82d19ca112d1d2d06c4b4d204baa5dbe36bb212347710743
  - id: W-080
    sha256: a6f9d12551b4f5202050ef91e767e62e8109e7ee725ae0a90bfe6df601afa554
  - id: W-081
    sha256: 05bf0a3182fef55da7483526f73e1973e56a3a26e79b6cb42b6db5671cc53e67
  - id: W-082
    sha256: b85ed32b09aa8a45293133d85186cd4c59b54f0af46041b1703aeb658398f8ec
  - id: W-083
    sha256: 50da11a07df924fcd18d3204d09255cbe230f6561719b22e451aec0b06ae70b1
  - id: W-084
    sha256: fb9a69ed1fbf3e8bd4295a6a5a4c8953f15542ab91456aee74c03b6065e63a62
  - id: W-086
    sha256: a39deb202520e65f4d4f874022c86d82f8178efaa0fcc9d6033d2afc70b8920e
  - id: W-087
    sha256: 7c29738c0d03a1a4b5dc6c446caa0bff403c7196b5fb30f0d3c87ee6c447965f
  - id: W-088
    sha256: 3a2dbfa7ad0341d4c3a3ef65f4901059b2fc349d65d95859ef7b2892c7bf77a6
  - id: W-089
    sha256: 6dfb9d833660da3d58e6763e42fbed3d745545a871f68017dc4762411675ae67
  - id: W-090
    sha256: 3716b25d7ac06e755f50d29e81884d0d7845e35b656e52a460b16357cb624397
  - id: W-093
    sha256: 6cfb9e0d8863ea9353a60a307cc113d25418856e350ad9b5d6725398666af8a6
  - id: W-096
    sha256: 9584fc5e80f7a77a00cabb2983299dd4e7fbe41d04bba62c48e96c5f0d3be319
  - id: W-098
    sha256: 313ecb5366580ed96f096227ff9e80cf5e73a333cee000ff0bf6342d5a73da03
  - id: W-099
    sha256: 85a75d2db88ef4b08582fb859e25de397c48d75a654809dc9f6f206105a8ed0e
  - id: W-154
    sha256: 9306095f8d28bffaf67053a42b6fca87f5d32be181999a7cb9ba93bf209d217d
  - id: W-155
    sha256: d47de08d94fcc24d212c23045394c2632c909abb3859ab15835a4f726a713a7a
  - id: W-156
    sha256: 957d0c28965a521cae4f7d68aac15c2f7a1ed0a12221ff38c767033cc458b8df
  - id: W-157
    sha256: d39c376255730d597a1164eb369e8da72648a57ac3fb199bdef14287381fddef
  - id: W-158
    sha256: a7dc8b36803567d7841f2ad976476c4185fb53a3f0d534c606d3b995be53d6e3
  - id: X-005
    sha256: 95815ae33f2602bce44c77e9449e82eede8051dae2195888fc0566063b517733
lock_schema: 1
module: a1/sounds-letters-and-hello
shared:
  built_with_sha256: ac9ace2b2a26b7f38f4012d02fe81bb1c7ac3f02191906b1df4ba77452227fae
  sha256: ac9ace2b2a26b7f38f4012d02fe81bb1c7ac3f02191906b1df4ba77452227fae
