lessons:
- entry_sha256: 2b59bf6eb48820f2dd6d24ee39aef7b081e80c49279afc72af0110f2140af9bc
  n: 1
  records:
  - id: S-003
    sha256: e65649f7920878b3b2a17a1fc69f6bfed5853eb1941d5e9cfe154804fa17cd5f
  - id: T-002
    sha256: e39300978d486539fb7180743a43f0fe0c97ea0ebf539bfa34e2d6c5544c6aef
  - id: T-003
    sha256: 8773fc122c5a2a33cd9759a13b3b14be0485e142ff1f251e3a105c697fa5d6c6
  - id: T-020
    sha256: 968434eca0de3928c916e17164f565988289d98c070b5449a334af8d7711abea
  - id: T-021
    sha256: 2d3d708a1a5e2a8576240fd66d22a1c2258042e3bf09d2de9ff640cc2583ab20
  - id: T-035
    sha256: deca36edcf33b6fac4ead9fe292d5474062aee7538ee7ce87901047e32fc5ed6
  - id: T-040
    sha256: 6ce8f0024d9842ee3562253df79d99c1cfed95d854ed419b531ee1f220f583ac
  - id: T-041
    sha256: c9908150ac05fa7e485d74206d1f77640fed8b4e06c25e0937d0a346f671e1f0
  - id: V-001
    sha256: e3c17c52ea6ff53112289ef66c0c4f7268a75ad26dc3244309f8c84208b4e7eb
  - id: V-002
    sha256: 4255215e7203cb217a7e752e3082a1942b7203bdd151de1d5142e63b2bebf5e9
  - id: W-074
    sha256: 64b1058c9e89c4eb0eefbff6fac830d4a118e87bf464a3f9784de256a9776cae
  - id: W-075
    sha256: 4f1830bfa6e2cdb2354a2613c76c0b32f369e0a8fb89be54bb8bd6c88c67e08f
  - id: W-076
    sha256: d8b012015b8246d44c64ba4cf94cec829cacf3c4fed19ee738e4a58bb90c0b5d
  - id: W-091
    sha256: ccbbb9fbcd811bbf87ea871ec7abfaf3b9d8f3bd0625d9dcc7545439d9af55a1
  - id: W-093
    sha256: 63a2ea5c81458260818ed1ba58b11b9ab402d54278e40d471294322a893524e0
  - id: X-001
    sha256: ce8545ceb7b188fcf5afd406a1138c188e744e1b9e7ba0e961ae13d655324ede
- entry_sha256: 30a0d1899fe0de2f19e79f67b6338f770e5850c0465d1defd48c2dc172875c49
  n: 2
  records:
  - id: S-002
    sha256: ef332c39c732c384804b64877c0579450078a4c3feb94f3f5888badbcda635c2
  - id: T-001
    sha256: b431f4e54dae689f56a3b7123d88b56024a970a4d705e1d701e80709b8cb488d
  - id: T-006
    sha256: 86493960bad5f15004cacb40499bdd963e11a9b1a9709911dde730f9e740b82a
  - id: T-007
    sha256: 0ac08f78c83383dbc953058a54e6ae398232c055b66c351876bd9675193644ea
  - id: T-008
    sha256: e637117379429e64a955027306a4afe15bed99ff99cc11e52252f4437502696f
  - id: T-009
    sha256: 1687f9a120ec599c688cce6ccf22e2591bf9dedce831377183ebd3ba92c2fc17
  - id: T-022
    sha256: b9d0999ddcb61d4c1a9e6fb1be2741289607d75523bc4aafcaa3f4e50bcfd036
  - id: T-023
    sha256: 9d7e50ad57b47388c003604855ccc71c4f0ecceeddc06f07faa6f3f6847f1f6f
  - id: T-024
    sha256: 64af3b5099f7af1f06437fb2e0abeded52190ed19ff7b1deed1e930836fbf959
  - id: T-025
    sha256: 8ef7385d1d3b21069fda8c07bbf5a008be8ca7438df5e35ce92b887b60a2b82f
  - id: V-001
    sha256: e3c17c52ea6ff53112289ef66c0c4f7268a75ad26dc3244309f8c84208b4e7eb
  - id: V-002
    sha256: 4255215e7203cb217a7e752e3082a1942b7203bdd151de1d5142e63b2bebf5e9
  - id: V-004
    sha256: ab1d1c35826ec81acb665d7a02bf0859dc322cae16d2093519f0ca7675175fb9
  - id: V-005
    sha256: fa2508f02d9b99ae1e6f475b959a5f6103b893e05e5e3a480394a0ead55d3bfa
  - id: V-006
    sha256: 9a4412d5afff94e4b3145db1d001fcaf1badf36ea53fd94e0d9232eb3cb85b41
  - id: V-007
    sha256: 3ec718dac7b2d24546ad885d6d97f9c96b1a07a8c701de8b27f2d47f5f00210e
  - id: W-074
    sha256: 64b1058c9e89c4eb0eefbff6fac830d4a118e87bf464a3f9784de256a9776cae
  - id: W-075
    sha256: 4f1830bfa6e2cdb2354a2613c76c0b32f369e0a8fb89be54bb8bd6c88c67e08f
  - id: W-076
    sha256: d8b012015b8246d44c64ba4cf94cec829cacf3c4fed19ee738e4a58bb90c0b5d
- entry_sha256: be9801b9a3fe13f926de309fc847ab673adba2a042b5ef243bffce206a612610
  n: 3
  records:
  - id: T-001
    sha256: b431f4e54dae689f56a3b7123d88b56024a970a4d705e1d701e80709b8cb488d
  - id: T-004
    sha256: 16d2b2adffa9d479633ead71137bcb6431df337d632511ee8118f947ece7cd3d
  - id: T-009
    sha256: 1687f9a120ec599c688cce6ccf22e2591bf9dedce831377183ebd3ba92c2fc17
  - id: T-010
    sha256: e951dc10a096b8cc7dbaf06a410357a439ff1ea1be39986d615136de400447ff
  - id: T-011
    sha256: 2d3944539da41884a5372e405177b8595f29abfc9e8cd28ffc83b0fa39a44bbd
  - id: T-012
    sha256: a360c8042fcc8128c37c9ddc0d7eb3a4d9428f92f96c217f1cde2b77c9e8ff6f
  - id: T-019
    sha256: 1d8ba2ff67707f0b76b639e0f2bd41744aabf2ca4277a0a53fb1067494898377
  - id: T-025
    sha256: 8ef7385d1d3b21069fda8c07bbf5a008be8ca7438df5e35ce92b887b60a2b82f
  - id: T-026
    sha256: 4fae1930607e740668f5f24c5143ec1324812c644bc4327dbe659460213e2662
  - id: T-027
    sha256: 33031162a13084ac737b9ee8e3dc7af516559bef016a44c2107a2dec212eab66
  - id: T-028
    sha256: a6b4c754d2f85b369f14245c42ef01696a2f3835930dc8d1e48a4228346100ff
  - id: T-037
    sha256: bf1c43349243cc8bc0a83f45085240bc198703694ea990a06fcfb337944a3219
  - id: T-039
    sha256: 9f544cd145f0168d1d7bc41ad2811ca106485422130740e85639d7239e7fb956
  - id: V-001
    sha256: e3c17c52ea6ff53112289ef66c0c4f7268a75ad26dc3244309f8c84208b4e7eb
  - id: V-002
    sha256: 4255215e7203cb217a7e752e3082a1942b7203bdd151de1d5142e63b2bebf5e9
  - id: V-007
    sha256: 3ec718dac7b2d24546ad885d6d97f9c96b1a07a8c701de8b27f2d47f5f00210e
  - id: V-008
    sha256: 965eef9eb553fe9238c7cc51bb344e339ff962bd86cd9a82dcb3f5fcc8a3afbd
  - id: V-009
    sha256: 8ce0f3d0b705f05787232b96a85222ecf83a247025cbbae98c7b316f99c4befc
  - id: V-010
    sha256: 343369be65446df154dcbde462c9194add6fbf44b96f5571e3f4ee8151f7e963
  - id: W-074
    sha256: 64b1058c9e89c4eb0eefbff6fac830d4a118e87bf464a3f9784de256a9776cae
  - id: W-075
    sha256: 4f1830bfa6e2cdb2354a2613c76c0b32f369e0a8fb89be54bb8bd6c88c67e08f
  - id: W-076
    sha256: d8b012015b8246d44c64ba4cf94cec829cacf3c4fed19ee738e4a58bb90c0b5d
  - id: W-081
    sha256: a166bd7fa19e9ff72e776446801d94babe37187285164c319db4341ec729e690
  - id: W-091
    sha256: ccbbb9fbcd811bbf87ea871ec7abfaf3b9d8f3bd0625d9dcc7545439d9af55a1
  - id: W-092
    sha256: e5a4997841cb878a50fd40c8efda3376625a3007ce2f4a422acfa1e0ef3247df
  - id: X-002
    sha256: d347d6a1fce47383faad5bde4b743d433eb8082f6d3102f8bc2401f098019d30
  - id: X-003
    sha256: bd426ad9e3866d9445a598e7491dae58f405da82b0f49e64ece2499063098fa1
  - id: X-004
    sha256: 0edeed352d2f523b734e271833dfde6f6fee0e043552628a7bbcaa0903c2cd9c
- entry_sha256: c169d2357223ca1fc42c63136233588ef23ab26ca2c136e5f76a72bbdd43388a
  n: 4
  records:
  - id: S-002
    sha256: ef332c39c732c384804b64877c0579450078a4c3feb94f3f5888badbcda635c2
  - id: T-001
    sha256: b431f4e54dae689f56a3b7123d88b56024a970a4d705e1d701e80709b8cb488d
  - id: T-006
    sha256: 86493960bad5f15004cacb40499bdd963e11a9b1a9709911dde730f9e740b82a
  - id: T-007
    sha256: 0ac08f78c83383dbc953058a54e6ae398232c055b66c351876bd9675193644ea
  - id: T-010
    sha256: e951dc10a096b8cc7dbaf06a410357a439ff1ea1be39986d615136de400447ff
  - id: T-013
    sha256: a52a03de8ad7f8b5c49c78501d96df94d5ac3345fbb1230a06c1645c47e4fa52
  - id: T-014
    sha256: cfa0df95ba228b4aa4753641e0153e0fdf5a1dd22af0e2a023ac350014fb73aa
  - id: T-015
    sha256: ef261ca1af07790218f497b154bd7b1af595f5fb7e84975e383ba9379d03507b
  - id: T-019
    sha256: 1d8ba2ff67707f0b76b639e0f2bd41744aabf2ca4277a0a53fb1067494898377
  - id: T-028
    sha256: a6b4c754d2f85b369f14245c42ef01696a2f3835930dc8d1e48a4228346100ff
  - id: T-029
    sha256: d7a0367d3fb49a61af696dd85ce847ac7d75631b97d09cd7ab2edd6c64f55260
  - id: T-030
    sha256: 953e21391d11c9b4c8df272bf563f0b1c472778bd769ca144ce761674ff47c15
  - id: T-031
    sha256: 14fc51eb12da2ad596ea3a17577cbd6dfac2d1d0f9036308935b5e688f1154d5
  - id: T-038
    sha256: 971f176b51f160f5866be58bef1de82b94d2347d84cc89c12dd11ca762b418e3
  - id: T-039
    sha256: 9f544cd145f0168d1d7bc41ad2811ca106485422130740e85639d7239e7fb956
  - id: V-001
    sha256: e3c17c52ea6ff53112289ef66c0c4f7268a75ad26dc3244309f8c84208b4e7eb
  - id: V-002
    sha256: 4255215e7203cb217a7e752e3082a1942b7203bdd151de1d5142e63b2bebf5e9
  - id: V-010
    sha256: 343369be65446df154dcbde462c9194add6fbf44b96f5571e3f4ee8151f7e963
  - id: V-011
    sha256: 1b812a3f08f2a0b64801fb0e36abd0ef38a171bf8b53ee047a859a6882aad423
  - id: V-012
    sha256: 342d46851b3654fe21236da8ef11d892fdf480200a45d465367273f5ead705ca
  - id: V-013
    sha256: e7fcd5bc8524ea6fb2472e233201be696bbf958da6901d6b48a14a9e2541d47a
  - id: W-074
    sha256: 64b1058c9e89c4eb0eefbff6fac830d4a118e87bf464a3f9784de256a9776cae
  - id: W-075
    sha256: 4f1830bfa6e2cdb2354a2613c76c0b32f369e0a8fb89be54bb8bd6c88c67e08f
  - id: W-076
    sha256: d8b012015b8246d44c64ba4cf94cec829cacf3c4fed19ee738e4a58bb90c0b5d
  - id: W-081
    sha256: a166bd7fa19e9ff72e776446801d94babe37187285164c319db4341ec729e690
  - id: W-082
    sha256: db08989804d54051c57f90931b8e98ea1ef71c0e2d19990e265db83d8adb0101
  - id: W-083
    sha256: 37ac1b060234a4e02c4535cc917f5232b39ad336a89b79ec0e77bb583d913500
  - id: W-093
    sha256: 63a2ea5c81458260818ed1ba58b11b9ab402d54278e40d471294322a893524e0
  - id: W-094
    sha256: 4bdbd2b899eca983e496b6b792e3fa0ed5882889fc7e8f6e4706e6d956139355
  - id: X-003
    sha256: bd426ad9e3866d9445a598e7491dae58f405da82b0f49e64ece2499063098fa1
  - id: X-004
    sha256: 0edeed352d2f523b734e271833dfde6f6fee0e043552628a7bbcaa0903c2cd9c
  - id: X-006
    sha256: b8131c9bb77fdf8431d1da9232e0c515916f5186776b7b6d0ff5ba57d90354a6
- entry_sha256: d81a4491b1f68b89b16c4bbe0d6992e13c0784445f3889d84dcba5070145edcf
  n: 5
  records:
  - id: S-001
    sha256: d71c0c9862de36a133d94e8022f9042cff86ea1a5b6aed3eca1a09944fc11305
  - id: S-002
    sha256: ef332c39c732c384804b64877c0579450078a4c3feb94f3f5888badbcda635c2
  - id: T-001
    sha256: b431f4e54dae689f56a3b7123d88b56024a970a4d705e1d701e80709b8cb488d
  - id: T-016
    sha256: 3bb290dc646a41ad9a4fb6226db7d5a27cd49f42060b563e5159f4b1552aec73
  - id: T-017
    sha256: 346a6d0d66f8a6be7423e721188eae2b87783e1663b0bcf55cd8e1fb1bbc2555
  - id: T-018
    sha256: 8ec8d1a49fe97f820c7784a70b8ee8c44df4d2d94bddf25d22251e8925baa194
  - id: T-032
    sha256: c9c2c53298fc0baa1cabeed38434d68dadd0d5f8a9d602605bb906e114e40a0d
  - id: T-033
    sha256: 2c4d49eb30d4458eafd199c3ba917df60513974499e80a5515d86edfd838ef60
  - id: T-034
    sha256: 1fa7512cdce391ffbfdd2c877637a7f904339862d0576a624de44fe21fe21bad
  - id: T-036
    sha256: 27b4f80fadcad50d95dee56d26ac9175e91aa0a9af971d92f296f9a3483cb263
  - id: T-039
    sha256: 9f544cd145f0168d1d7bc41ad2811ca106485422130740e85639d7239e7fb956
  - id: V-001
    sha256: e3c17c52ea6ff53112289ef66c0c4f7268a75ad26dc3244309f8c84208b4e7eb
  - id: V-002
    sha256: 4255215e7203cb217a7e752e3082a1942b7203bdd151de1d5142e63b2bebf5e9
  - id: V-014
    sha256: 451c30efc70f9607bc7bd2d74021483e17efbfe51d01e1234ae9761afb0732e7
  - id: V-015
    sha256: 2478a2eb6d874779f70c78965704677a74d295303a8bc3994449b5abb499f86f
  - id: V-016
    sha256: bcefc69c09dac47dd89737e28db323fc506fa5251e54491a7db61c6d1b2600cc
  - id: W-006
    sha256: bda56a5f72749cd56956d3689f46be3e72dbe07ddb5f0b6ca2155ff8cd4755d4
  - id: W-074
    sha256: 64b1058c9e89c4eb0eefbff6fac830d4a118e87bf464a3f9784de256a9776cae
  - id: W-075
    sha256: 4f1830bfa6e2cdb2354a2613c76c0b32f369e0a8fb89be54bb8bd6c88c67e08f
  - id: W-076
    sha256: d8b012015b8246d44c64ba4cf94cec829cacf3c4fed19ee738e4a58bb90c0b5d
  - id: W-081
    sha256: a166bd7fa19e9ff72e776446801d94babe37187285164c319db4341ec729e690
  - id: W-082
    sha256: db08989804d54051c57f90931b8e98ea1ef71c0e2d19990e265db83d8adb0101
  - id: W-083
    sha256: 37ac1b060234a4e02c4535cc917f5232b39ad336a89b79ec0e77bb583d913500
  - id: W-084
    sha256: 675f4132c6157e81bb9ec08f0a81ce627153151ee08b11838e1b6bc23f04bbef
  - id: W-085
    sha256: e2687817e5eb74fb0d7573ce57daa559830501e07dd6d0f865bd7c5e2d2562f8
  - id: W-089
    sha256: c416fb67b0b8ac2b08d585b6e99165032ad9f2e7545855595df4f8e0bdb97cca
  - id: W-097
    sha256: 6f891b8d917f89bc235a709cfcaa3f2ae73db01d8caaa8541fad38943e81f632
  - id: W-098
    sha256: 313ecb5366580ed96f096227ff9e80cf5e73a333cee000ff0bf6342d5a73da03
  - id: W-099
    sha256: ba4f6774f86ca65d8eef0cdc6481617fcccc4b22a1ee82115fdeb7dad9edcd67
  - id: W-100
    sha256: 995ebbf42d689bb0ee9b49682581bec2c433694da956892190f7fec5ef758c27
  - id: W-154
    sha256: b4fa7e122d9d624f35d7485cb7881c5db05d9c9eff0da11d47a1dd5ecde5d0ff
  - id: X-002
    sha256: d347d6a1fce47383faad5bde4b743d433eb8082f6d3102f8bc2401f098019d30
  - id: X-003
    sha256: bd426ad9e3866d9445a598e7491dae58f405da82b0f49e64ece2499063098fa1
  - id: X-004
    sha256: 0edeed352d2f523b734e271833dfde6f6fee0e043552628a7bbcaa0903c2cd9c
  - id: X-005
    sha256: 95815ae33f2602bce44c77e9449e82eede8051dae2195888fc0566063b517733
- entry_sha256: 5e91ac902a3c2b9b4cf63f2012b761f36915ff0122706f2d593f91ccc2f4d157
  n: 6
  records:
  - id: S-001
    sha256: d71c0c9862de36a133d94e8022f9042cff86ea1a5b6aed3eca1a09944fc11305
  - id: S-002
    sha256: ef332c39c732c384804b64877c0579450078a4c3feb94f3f5888badbcda635c2
  - id: T-005
    sha256: 676d708bd56f78a5cadd656119f52ffa4eb7c33cfe878d87d8e8630caa5b3799
  - id: T-036
    sha256: 27b4f80fadcad50d95dee56d26ac9175e91aa0a9af971d92f296f9a3483cb263
  - id: V-001
    sha256: e3c17c52ea6ff53112289ef66c0c4f7268a75ad26dc3244309f8c84208b4e7eb
  - id: V-002
    sha256: 4255215e7203cb217a7e752e3082a1942b7203bdd151de1d5142e63b2bebf5e9
  - id: W-006
    sha256: bda56a5f72749cd56956d3689f46be3e72dbe07ddb5f0b6ca2155ff8cd4755d4
  - id: W-050
    sha256: 63b9283fa8f6a5d3788fb6115391cdfc4360e47098b17d801addc756a7b793c0
  - id: W-074
    sha256: 64b1058c9e89c4eb0eefbff6fac830d4a118e87bf464a3f9784de256a9776cae
  - id: W-075
    sha256: 4f1830bfa6e2cdb2354a2613c76c0b32f369e0a8fb89be54bb8bd6c88c67e08f
  - id: W-076
    sha256: d8b012015b8246d44c64ba4cf94cec829cacf3c4fed19ee738e4a58bb90c0b5d
  - id: W-081
    sha256: a166bd7fa19e9ff72e776446801d94babe37187285164c319db4341ec729e690
  - id: W-082
    sha256: db08989804d54051c57f90931b8e98ea1ef71c0e2d19990e265db83d8adb0101
  - id: W-083
    sha256: 37ac1b060234a4e02c4535cc917f5232b39ad336a89b79ec0e77bb583d913500
  - id: W-084
    sha256: 675f4132c6157e81bb9ec08f0a81ce627153151ee08b11838e1b6bc23f04bbef
  - id: W-089
    sha256: c416fb67b0b8ac2b08d585b6e99165032ad9f2e7545855595df4f8e0bdb97cca
  - id: W-093
    sha256: 63a2ea5c81458260818ed1ba58b11b9ab402d54278e40d471294322a893524e0
  - id: W-098
    sha256: 313ecb5366580ed96f096227ff9e80cf5e73a333cee000ff0bf6342d5a73da03
  - id: W-099
    sha256: ba4f6774f86ca65d8eef0cdc6481617fcccc4b22a1ee82115fdeb7dad9edcd67
  - id: X-005
    sha256: 95815ae33f2602bce44c77e9449e82eede8051dae2195888fc0566063b517733
lock_schema: 1
module: a1/sounds-letters-and-hello
shared:
  built_with_sha256: a185753f7391624581e34848cbaff0f06f16cf034a92eae70dbeb3718b6825ce
  sha256: a185753f7391624581e34848cbaff0f06f16cf034a92eae70dbeb3718b6825ce
