lessons:
- entry_sha256: 6293a1338c28d05e6324a84a2d6e6d2caba16e0563e88dae8708074485928f83
  n: 1
  records:
  - id: S-003
    sha256: e7008089046f5bffc4bef7d6d14b9afb145a9d7a3ea0c948b07dfb0a6c000a2e
  - id: T-002
    sha256: e39300978d486539fb7180743a43f0fe0c97ea0ebf539bfa34e2d6c5544c6aef
  - id: T-003
    sha256: 17e2605e82f53ce03c0c70b8b0ed26c58956a4ceb20a6a64b3097941e1f435c6
  - id: T-020
    sha256: 968434eca0de3928c916e17164f565988289d98c070b5449a334af8d7711abea
  - id: T-021
    sha256: 2d3d708a1a5e2a8576240fd66d22a1c2258042e3bf09d2de9ff640cc2583ab20
  - id: T-035
    sha256: deca36edcf33b6fac4ead9fe292d5474062aee7538ee7ce87901047e32fc5ed6
  - id: T-040
    sha256: 5b93734d61e71f049c743612cc642a2e107ab8619df87b9f31e9960e4038b3ac
  - id: V-001
    sha256: 24607aa4e1687e98b9c0ee9d5c3dae8686ec141e1644611822f1f9b91aa65a26
  - id: V-002
    sha256: 892840731b663065a28925dc8a7116e5dec04d91fb4d23129a80ed7701b8671f
  - id: W-074
    sha256: bd17751425c2400c7e2633b97636a206cd0d7c81317f582aecdd82c797a40e9c
  - id: W-075
    sha256: 17df80d2fe0d23648b7f7ac4b361a484b45194421174f6a264663f56d2797c17
  - id: W-076
    sha256: ec7d68018ad3d9d9f1653f0d264fa6a337dd4c4b8abbe7a71f6b45b938f2f78d
  - id: W-091
    sha256: ccbbb9fbcd811bbf87ea871ec7abfaf3b9d8f3bd0625d9dcc7545439d9af55a1
  - id: W-093
    sha256: ac525252bc3747f6a731569bceb507676a869f9a76bff804e7445d7768087b1f
  - id: W-099
    sha256: ba4f6774f86ca65d8eef0cdc6481617fcccc4b22a1ee82115fdeb7dad9edcd67
  - id: X-001
    sha256: ce8545ceb7b188fcf5afd406a1138c188e744e1b9e7ba0e961ae13d655324ede
- entry_sha256: 60f8803b6a8a416c8c392d801b4940a38a4638325976ed7cf64c1d82e485b53d
  n: 2
  records:
  - id: S-002
    sha256: 99af50e13a0747e2e0485b96e193eb5839bce164470d5539f8638a16a370b370
  - id: T-001
    sha256: b431f4e54dae689f56a3b7123d88b56024a970a4d705e1d701e80709b8cb488d
  - id: T-006
    sha256: 86493960bad5f15004cacb40499bdd963e11a9b1a9709911dde730f9e740b82a
  - id: T-007
    sha256: 0ac08f78c83383dbc953058a54e6ae398232c055b66c351876bd9675193644ea
  - id: T-008
    sha256: e637117379429e64a955027306a4afe15bed99ff99cc11e52252f4437502696f
  - id: T-009
    sha256: 1687f9a120ec599c688cce6ccf22e2591bf9dedce831377183ebd3ba92c2fc17
  - id: T-022
    sha256: b9d0999ddcb61d4c1a9e6fb1be2741289607d75523bc4aafcaa3f4e50bcfd036
  - id: T-023
    sha256: 9d7e50ad57b47388c003604855ccc71c4f0ecceeddc06f07faa6f3f6847f1f6f
  - id: T-024
    sha256: 64af3b5099f7af1f06437fb2e0abeded52190ed19ff7b1deed1e930836fbf959
  - id: T-025
    sha256: 8ef7385d1d3b21069fda8c07bbf5a008be8ca7438df5e35ce92b887b60a2b82f
  - id: V-004
    sha256: f0474c02e8beaf98d59db0e8435c32f6ae25120620eeb6cd8cd7dccfa0ff6921
  - id: V-005
    sha256: b0b4de278ba7044adaa36d5c3ae4787d7bcd7af0ae882b793c0da01db38cfde6
  - id: V-006
    sha256: 7022b3e3322c3df5318ac582c0cce960d9dfc0080aa64520921b500e0a6d39d4
  - id: V-007
    sha256: 1a77980bf158304946bea2258929d106cb17b79fd45225e199fa8a1a7629f836
- entry_sha256: 78570bc1de305a1be91866faa44363f560a3efcc4521839e01d6a44ba7968624
  n: 3
  records:
  - id: T-001
    sha256: b431f4e54dae689f56a3b7123d88b56024a970a4d705e1d701e80709b8cb488d
  - id: T-004
    sha256: 16d2b2adffa9d479633ead71137bcb6431df337d632511ee8118f947ece7cd3d
  - id: T-009
    sha256: 1687f9a120ec599c688cce6ccf22e2591bf9dedce831377183ebd3ba92c2fc17
  - id: T-010
    sha256: e951dc10a096b8cc7dbaf06a410357a439ff1ea1be39986d615136de400447ff
  - id: T-011
    sha256: 2d3944539da41884a5372e405177b8595f29abfc9e8cd28ffc83b0fa39a44bbd
  - id: T-012
    sha256: a360c8042fcc8128c37c9ddc0d7eb3a4d9428f92f96c217f1cde2b77c9e8ff6f
  - id: T-019
    sha256: 1d8ba2ff67707f0b76b639e0f2bd41744aabf2ca4277a0a53fb1067494898377
  - id: T-025
    sha256: 8ef7385d1d3b21069fda8c07bbf5a008be8ca7438df5e35ce92b887b60a2b82f
  - id: T-026
    sha256: 4fae1930607e740668f5f24c5143ec1324812c644bc4327dbe659460213e2662
  - id: T-027
    sha256: 33031162a13084ac737b9ee8e3dc7af516559bef016a44c2107a2dec212eab66
  - id: T-028
    sha256: a6b4c754d2f85b369f14245c42ef01696a2f3835930dc8d1e48a4228346100ff
  - id: T-037
    sha256: bf1c43349243cc8bc0a83f45085240bc198703694ea990a06fcfb337944a3219
  - id: T-039
    sha256: 9f544cd145f0168d1d7bc41ad2811ca106485422130740e85639d7239e7fb956
  - id: V-003
    sha256: 14de9119702144e091a63c7f88c7ff0919ff8be65d4251ac68cbb7c963312557
  - id: V-007
    sha256: 1a77980bf158304946bea2258929d106cb17b79fd45225e199fa8a1a7629f836
  - id: V-008
    sha256: 2e1f5b11e2b38f034d2d4855144cd764724f7eff42fbdf23d6ccb7acfeeb4f76
  - id: V-009
    sha256: 14ed1633e690f1b8dff4b0fdfaa33849ca97c30a118f9869b71978918d4a1122
  - id: V-010
    sha256: cbe0c5af615b866b2db2cd378cb76d5e32ed73f0b4e045c99f1795d0c97e6a9a
  - id: W-081
    sha256: d7e724112bd161b4c29ec1cb0c5b9a9248a8cf2e2f1f8a7308f8c28f950715fb
  - id: W-091
    sha256: ccbbb9fbcd811bbf87ea871ec7abfaf3b9d8f3bd0625d9dcc7545439d9af55a1
  - id: W-092
    sha256: e5a4997841cb878a50fd40c8efda3376625a3007ce2f4a422acfa1e0ef3247df
  - id: X-002
    sha256: d347d6a1fce47383faad5bde4b743d433eb8082f6d3102f8bc2401f098019d30
  - id: X-003
    sha256: bd426ad9e3866d9445a598e7491dae58f405da82b0f49e64ece2499063098fa1
  - id: X-004
    sha256: 0edeed352d2f523b734e271833dfde6f6fee0e043552628a7bbcaa0903c2cd9c
- entry_sha256: 1daf78e1783c6abd644b86bc4265d4505ed6625f3d3dde337f5680f6228317f7
  n: 4
  records:
  - id: S-002
    sha256: 99af50e13a0747e2e0485b96e193eb5839bce164470d5539f8638a16a370b370
  - id: T-001
    sha256: b431f4e54dae689f56a3b7123d88b56024a970a4d705e1d701e80709b8cb488d
  - id: T-006
    sha256: 86493960bad5f15004cacb40499bdd963e11a9b1a9709911dde730f9e740b82a
  - id: T-007
    sha256: 0ac08f78c83383dbc953058a54e6ae398232c055b66c351876bd9675193644ea
  - id: T-010
    sha256: e951dc10a096b8cc7dbaf06a410357a439ff1ea1be39986d615136de400447ff
  - id: T-013
    sha256: a52a03de8ad7f8b5c49c78501d96df94d5ac3345fbb1230a06c1645c47e4fa52
  - id: T-014
    sha256: cfa0df95ba228b4aa4753641e0153e0fdf5a1dd22af0e2a023ac350014fb73aa
  - id: T-015
    sha256: ef261ca1af07790218f497b154bd7b1af595f5fb7e84975e383ba9379d03507b
  - id: T-019
    sha256: 1d8ba2ff67707f0b76b639e0f2bd41744aabf2ca4277a0a53fb1067494898377
  - id: T-028
    sha256: a6b4c754d2f85b369f14245c42ef01696a2f3835930dc8d1e48a4228346100ff
  - id: T-029
    sha256: d7a0367d3fb49a61af696dd85ce847ac7d75631b97d09cd7ab2edd6c64f55260
  - id: T-030
    sha256: 953e21391d11c9b4c8df272bf563f0b1c472778bd769ca144ce761674ff47c15
  - id: T-031
    sha256: 14fc51eb12da2ad596ea3a17577cbd6dfac2d1d0f9036308935b5e688f1154d5
  - id: T-038
    sha256: 971f176b51f160f5866be58bef1de82b94d2347d84cc89c12dd11ca762b418e3
  - id: T-039
    sha256: 9f544cd145f0168d1d7bc41ad2811ca106485422130740e85639d7239e7fb956
  - id: V-010
    sha256: cbe0c5af615b866b2db2cd378cb76d5e32ed73f0b4e045c99f1795d0c97e6a9a
  - id: V-011
    sha256: 5d147476ed65ddf92c00e3f63e171bbe52793a0f82423838ecb71c56c51a04cd
  - id: V-012
    sha256: 9d97934dfb64a2f37d129db4a67d97f16c532f4ffd668e3d332e8c283cb3528c
  - id: V-013
    sha256: fd0c1398441cc7b84c3027e03bd02c5c79f20ea2a4338a5c76c9a83b4755e716
  - id: W-081
    sha256: d7e724112bd161b4c29ec1cb0c5b9a9248a8cf2e2f1f8a7308f8c28f950715fb
  - id: W-082
    sha256: b85ed32b09aa8a45293133d85186cd4c59b54f0af46041b1703aeb658398f8ec
  - id: W-083
    sha256: 50da11a07df924fcd18d3204d09255cbe230f6561719b22e451aec0b06ae70b1
  - id: W-093
    sha256: ac525252bc3747f6a731569bceb507676a869f9a76bff804e7445d7768087b1f
  - id: W-094
    sha256: 4bdbd2b899eca983e496b6b792e3fa0ed5882889fc7e8f6e4706e6d956139355
  - id: X-003
    sha256: bd426ad9e3866d9445a598e7491dae58f405da82b0f49e64ece2499063098fa1
  - id: X-004
    sha256: 0edeed352d2f523b734e271833dfde6f6fee0e043552628a7bbcaa0903c2cd9c
  - id: X-005
    sha256: 95815ae33f2602bce44c77e9449e82eede8051dae2195888fc0566063b517733
  - id: X-006
    sha256: b8131c9bb77fdf8431d1da9232e0c515916f5186776b7b6d0ff5ba57d90354a6
- entry_sha256: d73dac079a043ac919a360c4634de84519e134a56e64af461485d26e77ce6abc
  n: 5
  records:
  - id: S-001
    sha256: 82afc7fcf5461ca5aedf6ff3a5227fd7f95348fb7d6dc718e9b7f5792d255706
  - id: S-002
    sha256: 99af50e13a0747e2e0485b96e193eb5839bce164470d5539f8638a16a370b370
  - id: T-001
    sha256: b431f4e54dae689f56a3b7123d88b56024a970a4d705e1d701e80709b8cb488d
  - id: T-016
    sha256: 3bb290dc646a41ad9a4fb6226db7d5a27cd49f42060b563e5159f4b1552aec73
  - id: T-017
    sha256: 346a6d0d66f8a6be7423e721188eae2b87783e1663b0bcf55cd8e1fb1bbc2555
  - id: T-018
    sha256: 8ec8d1a49fe97f820c7784a70b8ee8c44df4d2d94bddf25d22251e8925baa194
  - id: T-032
    sha256: c9c2c53298fc0baa1cabeed38434d68dadd0d5f8a9d602605bb906e114e40a0d
  - id: T-033
    sha256: 2c4d49eb30d4458eafd199c3ba917df60513974499e80a5515d86edfd838ef60
  - id: T-034
    sha256: 1fa7512cdce391ffbfdd2c877637a7f904339862d0576a624de44fe21fe21bad
  - id: T-036
    sha256: 27b4f80fadcad50d95dee56d26ac9175e91aa0a9af971d92f296f9a3483cb263
  - id: T-039
    sha256: 9f544cd145f0168d1d7bc41ad2811ca106485422130740e85639d7239e7fb956
  - id: V-014
    sha256: 8a0c1bdf85d912cff912a4264d5480508f396f479139c3a0649a7c624f9b39c9
  - id: V-015
    sha256: ddc740a786533163a3b22fe3e8a49a5fbc29d3b39400bbe7b99d3a00b849136e
  - id: V-016
    sha256: 4cf8a2da6ff66432613c5000f9176d68964ace98873d0d120c6b5877e9cc3ed8
  - id: W-006
    sha256: c881905a12e39db893fdb079224b7d51e97097df6c3e0c7e519d109f4d5c7c2c
  - id: W-081
    sha256: d7e724112bd161b4c29ec1cb0c5b9a9248a8cf2e2f1f8a7308f8c28f950715fb
  - id: W-082
    sha256: b85ed32b09aa8a45293133d85186cd4c59b54f0af46041b1703aeb658398f8ec
  - id: W-083
    sha256: 50da11a07df924fcd18d3204d09255cbe230f6561719b22e451aec0b06ae70b1
  - id: W-084
    sha256: fb9a69ed1fbf3e8bd4295a6a5a4c8953f15542ab91456aee74c03b6065e63a62
  - id: W-085
    sha256: 0d4e9b4b0690c3bd4fd5cf851fdfeb855fc51cfde591c0a9a7906c66098c4737
  - id: W-089
    sha256: 6dfb9d833660da3d58e6763e42fbed3d745545a871f68017dc4762411675ae67
  - id: W-097
    sha256: 4ae39e15b6c182c2b430a697cbf637471209ac29c3863155e014351555ef3c5f
  - id: W-098
    sha256: 313ecb5366580ed96f096227ff9e80cf5e73a333cee000ff0bf6342d5a73da03
  - id: W-099
    sha256: ba4f6774f86ca65d8eef0cdc6481617fcccc4b22a1ee82115fdeb7dad9edcd67
  - id: W-100
    sha256: 995ebbf42d689bb0ee9b49682581bec2c433694da956892190f7fec5ef758c27
  - id: X-002
    sha256: d347d6a1fce47383faad5bde4b743d433eb8082f6d3102f8bc2401f098019d30
  - id: X-003
    sha256: bd426ad9e3866d9445a598e7491dae58f405da82b0f49e64ece2499063098fa1
  - id: X-004
    sha256: 0edeed352d2f523b734e271833dfde6f6fee0e043552628a7bbcaa0903c2cd9c
  - id: X-005
    sha256: 95815ae33f2602bce44c77e9449e82eede8051dae2195888fc0566063b517733
- entry_sha256: 35ff0ccea6038322b6d6e302c2c0d0c837c04e0bba05fa0c7ee08e5394a07156
  n: 6
  records:
  - id: S-001
    sha256: 82afc7fcf5461ca5aedf6ff3a5227fd7f95348fb7d6dc718e9b7f5792d255706
  - id: S-002
    sha256: 99af50e13a0747e2e0485b96e193eb5839bce164470d5539f8638a16a370b370
  - id: T-005
    sha256: 676d708bd56f78a5cadd656119f52ffa4eb7c33cfe878d87d8e8630caa5b3799
  - id: T-036
    sha256: 27b4f80fadcad50d95dee56d26ac9175e91aa0a9af971d92f296f9a3483cb263
  - id: V-001
    sha256: 24607aa4e1687e98b9c0ee9d5c3dae8686ec141e1644611822f1f9b91aa65a26
  - id: V-002
    sha256: 892840731b663065a28925dc8a7116e5dec04d91fb4d23129a80ed7701b8671f
  - id: W-004
    sha256: 384cbe4dee0c9aa339fde8d600ffd2c51de3a0b40db58480f12358648f27efb1
  - id: W-006
    sha256: c881905a12e39db893fdb079224b7d51e97097df6c3e0c7e519d109f4d5c7c2c
  - id: W-050
    sha256: 6e311bc917350b44b8de08f82dc754fb6f6886faaa8b225f7c253ed140d2cbb0
  - id: W-062
    sha256: 46f37f01bee9b1ab57b8ccd29d2763a3c949329994ad040a2b24427ee3c37356
  - id: W-074
    sha256: bd17751425c2400c7e2633b97636a206cd0d7c81317f582aecdd82c797a40e9c
  - id: W-075
    sha256: 17df80d2fe0d23648b7f7ac4b361a484b45194421174f6a264663f56d2797c17
  - id: W-076
    sha256: ec7d68018ad3d9d9f1653f0d264fa6a337dd4c4b8abbe7a71f6b45b938f2f78d
  - id: W-081
    sha256: d7e724112bd161b4c29ec1cb0c5b9a9248a8cf2e2f1f8a7308f8c28f950715fb
  - id: W-082
    sha256: b85ed32b09aa8a45293133d85186cd4c59b54f0af46041b1703aeb658398f8ec
  - id: W-083
    sha256: 50da11a07df924fcd18d3204d09255cbe230f6561719b22e451aec0b06ae70b1
  - id: W-084
    sha256: fb9a69ed1fbf3e8bd4295a6a5a4c8953f15542ab91456aee74c03b6065e63a62
  - id: W-089
    sha256: 6dfb9d833660da3d58e6763e42fbed3d745545a871f68017dc4762411675ae67
  - id: W-093
    sha256: ac525252bc3747f6a731569bceb507676a869f9a76bff804e7445d7768087b1f
  - id: W-098
    sha256: 313ecb5366580ed96f096227ff9e80cf5e73a333cee000ff0bf6342d5a73da03
  - id: W-099
    sha256: ba4f6774f86ca65d8eef0cdc6481617fcccc4b22a1ee82115fdeb7dad9edcd67
  - id: W-154
    sha256: 9306095f8d28bffaf67053a42b6fca87f5d32be181999a7cb9ba93bf209d217d
  - id: W-155
    sha256: d47de08d94fcc24d212c23045394c2632c909abb3859ab15835a4f726a713a7a
  - id: W-156
    sha256: 08d380cc535ca44cadfc952dbb52c2f9f27b814ecd67809f879baee1526d0760
  - id: W-158
    sha256: a7dc8b36803567d7841f2ad976476c4185fb53a3f0d534c606d3b995be53d6e3
  - id: X-005
    sha256: 95815ae33f2602bce44c77e9449e82eede8051dae2195888fc0566063b517733
lock_schema: 1
module: a1/sounds-letters-and-hello
shared:
  built_with_sha256: a185753f7391624581e34848cbaff0f06f16cf034a92eae70dbeb3718b6825ce
  sha256: a185753f7391624581e34848cbaff0f06f16cf034a92eae70dbeb3718b6825ce
